// !$*UTF8*$!
{
	archiveVersion = 1;
	classes = {
	};
	objectVersion = 46;
	objects = {

/* Begin PBXBuildFile section */
		FD1357EF1CB9E7410086DD3F /* game.cpp in Sources */ = {isa = PBXBuildFile; fileRef = FD1357EE1CB9E7410086DD3F /* game.cpp */; };
/* End PBXBuildFile section */

/* Begin PBXCopyFilesBuildPhase section */
		FD1357E91CB9E7410086DD3F /* CopyFiles */ = {
			isa = PBXCopyFilesBuildPhase;
			buildActionMask = 2147483647;
			dstPath = /usr/share/man/man1/;
			dstSubfolderSpec = 0;
			files = (
			);
			runOnlyForDeploymentPostprocessing = 1;
		};
/* End PBXCopyFilesBuildPhase section */

/* Begin PBXFileReference section */
		FD1357EB1CB9E7410086DD3F /* cpp Application Greedy Snake */ = {isa = PBXFileReference; explicitFileType = "compiled.mach-o.executable"; includeInIndex = 0; path = "cpp Application Greedy Snake"; sourceTree = BUILT_PRODUCTS_DIR; };
		FD1357EE1CB9E7410086DD3F /* game.cpp */ = {isa = PBXFileReference; lastKnownFileType = sourcecode.cpp.cpp; path = game.cpp; sourceTree = "<group>"; };
		FD1357F61CB9E7540086DD3F /* map.hpp */ = {isa = PBXFileReference; fileEncoding = 4; lastKnownFileType = sourcecode.cpp.h; path = map.hpp; sourceTree = "<group>"; };
		FD1357F91CB9E7650086DD3F /* global.hpp */ = {isa = PBXFileReference; fileEncoding = 4; lastKnownFileType = sourcecode.cpp.h; path = global.hpp; sourceTree = "<group>"; };
		FD1357FC1CB9E7710086DD3F /* snake.hpp */ = {isa = PBXFileReference; fileEncoding = 4; lastKnownFileType = sourcecode.cpp.h; path = snake.hpp; sourceTree = "<group>"; };
/* End PBXFileReference section */

/* Begin PBXFrameworksBuildPhase section */
		FD1357E81CB9E7410086DD3F /* Frameworks */ = {
			isa = PBXFrameworksBuildPhase;
			buildActionMask = 2147483647;
			files = (
			);
			runOnlyForDeploymentPostprocessing = 0;
		};
/* End PBXFrameworksBuildPhase section */

/* Begin PBXGroup section */
		FD1357E21CB9E7410086DD3F = {
			isa = PBXGroup;
			children = (
				FD1357ED1CB9E7410086DD3F /* cpp Application Greedy Snake */,
				FD1357EC1CB9E7410086DD3F /* Products */,
			);
			sourceTree = "<group>";
		};
		FD1357EC1CB9E7410086DD3F /* Products */ = {
			isa = PBXGroup;
			children = (
				FD1357EB1CB9E7410086DD3F /* cpp Application Greedy Snake */,
			);
			name = Products;
			sourceTree = "<group>";
		};
		FD1357ED1CB9E7410086DD3F /* cpp Application Greedy Snake */ = {
			isa = PBXGroup;
			children = (
				FD1357EE1CB9E7410086DD3F /* game.cpp */,
				FD1357F61CB9E7540086DD3F /* map.hpp */,
				FD1357F91CB9E7650086DD3F /* global.hpp */,
				FD1357FC1CB9E7710086DD3F /* snake.hpp */,
			);
			path = "cpp Application Greedy Snake";
			sourceTree = "<group>";
		};
/* End PBXGroup section */

/* Begin PBXNativeTarget section */
		FD1357EA1CB9E7410086DD3F /* cpp Application Greedy Snake */ = {
			isa = PBXNativeTarget;
			buildConfigurationList = FD1357F21CB9E7410086DD3F /* Build configuration list for PBXNativeTarget "cpp Application Greedy Snake" */;
			buildPhases = (
				FD1357E71CB9E7410086DD3F /* Sources */,
				FD1357E81CB9E7410086DD3F /* Frameworks */,
				FD1357E91CB9E7410086DD3F /* CopyFiles */,
			);
			buildRules = (
			);
			dependencies = (
			);
			name = "cpp Application Greedy Snake";
			productName = "cpp Application Greedy Snake";
			productReference = FD1357EB1CB9E7410086DD3F /* cpp Application Greedy Snake */;
			productType = "com.apple.product-type.tool";
		};
/* End PBXNativeTarget section */

/* Begin PBXProject section */
		FD1357E31CB9E7410086DD3F /* Project object */ = {
			isa = PBXProject;
			attributes = {
				LastUpgradeCheck = 0730;
				ORGANIZATIONNAME = "邱兆丰";
				TargetAttributes = {
					FD1357EA1CB9E7410086DD3F = {
						CreatedOnToolsVersion = 7.3;
					};
				};
			};
			buildConfigurationList = FD1357E61CB9E7410086DD3F /* Build configuration list for PBXProject "cpp Application Greedy Snake" */;
			compatibilityVersion = "Xcode 3.2";
			developmentRegion = English;
			hasScannedForEncodings = 0;
			knownRegions = (
				en,
			);
			mainGroup = FD1357E21CB9E7410086DD3F;
			productRefGroup = FD1357EC1CB9E7410086DD3F /* Products */;
			projectDirPath = "";
			projectRoot = "";
			targets = (
				FD1357EA1CB9E7410086DD3F /* cpp Application Greedy Snake */,
			);
		};
/* End PBXProject section */

/* Begin PBXSourcesBuildPhase section */
		FD1357E71CB9E7410086DD3F /* Sources */ = {
			isa = PBXSourcesBuildPhase;
			buildActionMask = 2147483647;
			files = (
				FD1357EF1CB9E7410086DD3F /* game.cpp in Sources */,
			);
			runOnlyForDeploymentPostprocessing = 0;
		};
/* End PBXSourcesBuildPhase section */

/* Begin XCBuildConfiguration section */
		FD1357F01CB9E7410086DD3F /* Debug */ = {
			isa = XCBuildConfiguration;
			buildSettings = {
				ALWAYS_SEARCH_USER_PATHS = NO;
				CLANG_ANALYZER_NONNULL = YES;
				CLANG_CXX_LANGUAGE_STANDARD = "gnu++0x";
				CLANG_CXX_LIBRARY = "libc++";
				CLANG_ENABLE_MODULES = YES;
				CLANG_ENABLE_OBJC_ARC = YES;
				CLANG_WARN_BOOL_CONVERSION = YES;
				CLANG_WARN_CONSTANT_CONVERSION = YES;
				CLANG_WARN_DIRECT_OBJC_ISA_USAGE = YES_ERROR;
				CLANG_WARN_EMPTY_BODY = YES;
				CLANG_WARN_ENUM_CONVERSION = YES;
				CLANG_WARN_INT_CONVERSION = YES;
				CLANG_WARN_OBJC_ROOT_CLASS = YES_ERROR;
				CLANG_WARN_UNREACHABLE_CODE = YES;
				CLANG_WARN__DUPLICATE_METHOD_MATCH = YES;
				CODE_SIGN_IDENTITY = "-";
				COPY_PHASE_STRIP = NO;
				DEBUG_INFORMATION_FORMAT = dwarf;
				ENABLE_STRICT_OBJC_MSGSEND = YES;
				ENABLE_TESTABILITY = YES;
				GCC_C_LANGUAGE_STANDARD = gnu99;
				GCC_DYNAMIC_NO_PIC = NO;
				GCC_NO_COMMON_BLOCKS = YES;
				GCC_OPTIMIZATION_LEVEL = 0;
				GCC_PREPROCESSOR_DEFINITIONS = (
					"DEBUG=1",
					"$(inherited)",
				);
				GCC_WARN_64_TO_32_BIT_CONVERSION = YES;
				GCC_WARN_ABOUT_RETURN_TYPE = YES_ERROR;
				GCC_WARN_UNDECLARED_SELECTOR = YES;
				GCC_WARN_UNINITIALIZED_AUTOS = YES_AGGRESSIVE;
				GCC_WARN_UNUSED_FUNCTION = YES;
				GCC_WARN_UNUSED_VARIABLE = YES;
				MACOSX_DEPLOYMENT_TARGET = 10.11;
				MTL_ENABLE_DEBUG_INFO = YES;
				ONLY_ACTIVE_ARCH = YES;
				SDKROOT = macosx;
			};
			name = Debug;
		};
		FD1357F11CB9E7410086DD3F /* Release */ = {
			isa = XCBuildConfiguration;
			buildSettings = {
				ALWAYS_SEARCH_USER_PATHS = NO;
				CLANG_ANALYZER_NONNULL = YES;
				CLANG_CXX_LANGUAGE_STANDARD = "gnu++0x";
				CLANG_CXX_LIBRARY = "libc++";
				CLANG_ENABLE_MODULES = YES;
				CLANG_ENABLE_OBJC_ARC = YES;
				CLANG_WARN_BOOL_CONVERSION = YES;
				CLANG_WARN_CONSTANT_CONVERSION = YES;
				CLANG_WARN_DIRECT_OBJC_ISA_USAGE = YES_ERROR;
				CLANG_WARN_EMPTY_BODY = YES;
				CLANG_WARN_ENUM_CONVERSION = YES;
				CLANG_WARN_INT_CONVERSION = YES;
				CLANG_WARN_OBJC_ROOT_CLASS = YES_ERROR;
				CLANG_WARN_UNREACHABLE_CODE = YES;
				CLANG_WARN__DUPLICATE_METHOD_MATCH = YES;
				CODE_SIGN_IDENTITY = "-";
				COPY_PHASE_STRIP = NO;
				DEBUG_INFORMATION_FORMAT = "dwarf-with-dsym";
				ENABLE_NS_ASSERTIONS = NO;
				ENABLE_STRICT_OBJC_MSGSEND = YES;
				GCC_C_LANGUAGE_STANDARD = gnu99;
				GCC_NO_COMMON_BLOCKS = YES;
				GCC_WARN_64_TO_32_BIT_CONVERSION = YES;
				GCC_WARN_ABOUT_RETURN_TYPE = YES_ERROR;
				GCC_WARN_UNDECLARED_SELECTOR = YES;
				GCC_WARN_UNINITIALIZED_AUTOS = YES_AGGRESSIVE;
				GCC_WARN_UNUSED_FUNCTION = YES;
				GCC_WARN_UNUSED_VARIABLE = YES;
				MACOSX_DEPLOYMENT_TARGET = 10.11;
				MTL_ENABLE_DEBUG_INFO = NO;
				SDKROOT = macosx;
			};
			name = Release;
		};
		FD1357F31CB9E7410086DD3F /* Debug */ = {
			isa = XCBuildConfiguration;
			buildSettings = {
				PRODUCT_NAME = "$(TARGET_NAME)";
			};
			name = Debug;
		};
		FD1357F41CB9E7410086DD3F /* Release */ = {
			isa = XCBuildConfiguration;
			buildSettings = {
				PRODUCT_NAME = "$(TARGET_NAME)";
			};
			name = Release;
		};
/* End XCBuildConfiguration section */

/* Begin XCConfigurationList section */
		FD1357E61CB9E7410086DD3F /* Build configuration list for PBXProject "cpp Application Greedy Snake" */ = {
			isa = XCConfigurationList;
			buildConfigurations = (
				FD1357F01CB9E7410086DD3F /* Debug */,
				FD1357F11CB9E7410086DD3F /* Release */,
			);
			defaultConfigurationIsVisible = 0;
			defaultConfigurationName = Release;
		};
		FD1357F21CB9E7410086DD3F /* Build configuration list for PBXNativeTarget "cpp Application Greedy Snake" */ = {
			isa = XCConfigurationList;
			buildConfigurations = (
				FD1357F31CB9E7410086DD3F /* Debug */,
				FD1357F41CB9E7410086DD3F /* Release */,
			);
			defaultConfigurationIsVisible = 0;
		};
/* End XCConfigurationList section */
	};
	rootObject = FD1357E31CB9E7410086DD3F /* Project object */;
}
