// !$*UTF8*$!
{
	archiveVersion = 1;
	classes = {
	};
	objectVersion = 46;
	objects = {

/* Begin PBXBuildFile section */
		FDD782CE1C30C21300B7CABC /* main.c in Sources */ = {isa = PBXBuildFile; fileRef = FDD782CD1C30C21300B7CABC /* main.c */; };
/* End PBXBuildFile section */

/* Begin PBXCopyFilesBuildPhase section */
		FDD782C81C30C21300B7CABC /* CopyFiles */ = {
			isa = PBXCopyFilesBuildPhase;
			buildActionMask = 2147483647;
			dstPath = /usr/share/man/man1/;
			dstSubfolderSpec = 0;
			files = (
			);
			runOnlyForDeploymentPostprocessing = 1;
		};
/* End PBXCopyFilesBuildPhase section */

/* Begin PBXFileReference section */
		FDD782CA1C30C21300B7CABC /* 二叉树链表实现 */ = {isa = PBXFileReference; explicitFileType = "compiled.mach-o.executable"; includeInIndex = 0; path = "二叉树链表实现"; sourceTree = BUILT_PRODUCTS_DIR; };
		FDD782CD1C30C21300B7CABC /* main.c */ = {isa = PBXFileReference; lastKnownFileType = sourcecode.c.c; path = main.c; sourceTree = "<group>"; };
		FDD782D41C30C26E00B7CABC /* tree.h */ = {isa = PBXFileReference; lastKnownFileType = sourcecode.c.h; path = tree.h; sourceTree = "<group>"; };
/* End PBXFileReference section */

/* Begin PBXFrameworksBuildPhase section */
		FDD782C71C30C21300B7CABC /* Frameworks */ = {
			isa = PBXFrameworksBuildPhase;
			buildActionMask = 2147483647;
			files = (
			);
			runOnlyForDeploymentPostprocessing = 0;
		};
/* End PBXFrameworksBuildPhase section */

/* Begin PBXGroup section */
		FDD782C11C30C21300B7CABC = {
			isa = PBXGroup;
			children = (
				FDD782CC1C30C21300B7CABC /* 二叉树链表实现 */,
				FDD782CB1C30C21300B7CABC /* Products */,
			);
			sourceTree = "<group>";
		};
		FDD782CB1C30C21300B7CABC /* Products */ = {
			isa = PBXGroup;
			children = (
				FDD782CA1C30C21300B7CABC /* 二叉树链表实现 */,
			);
			name = Products;
			sourceTree = "<group>";
		};
		FDD782CC1C30C21300B7CABC /* 二叉树链表实现 */ = {
			isa = PBXGroup;
			children = (
				FDD782CD1C30C21300B7CABC /* main.c */,
				FDD782D41C30C26E00B7CABC /* tree.h */,
			);
			path = "二叉树链表实现";
			sourceTree = "<group>";
		};
/* End PBXGroup section */

/* Begin PBXNativeTarget section */
		FDD782C91C30C21300B7CABC /* 二叉树链表实现 */ = {
			isa = PBXNativeTarget;
			buildConfigurationList = FDD782D11C30C21300B7CABC /* Build configuration list for PBXNativeTarget "二叉树链表实现" */;
			buildPhases = (
				FDD782C61C30C21300B7CABC /* Sources */,
				FDD782C71C30C21300B7CABC /* Frameworks */,
				FDD782C81C30C21300B7CABC /* CopyFiles */,
			);
			buildRules = (
			);
			dependencies = (
			);
			name = "二叉树链表实现";
			productName = "二叉树链表实现";
			productReference = FDD782CA1C30C21300B7CABC /* 二叉树链表实现 */;
			productType = "com.apple.product-type.tool";
		};
/* End PBXNativeTarget section */

/* Begin PBXProject section */
		FDD782C21C30C21300B7CABC /* Project object */ = {
			isa = PBXProject;
			attributes = {
				LastUpgradeCheck = 0640;
				ORGANIZATIONNAME = "邱兆丰";
				TargetAttributes = {
					FDD782C91C30C21300B7CABC = {
						CreatedOnToolsVersion = 6.4;
					};
				};
			};
			buildConfigurationList = FDD782C51C30C21300B7CABC /* Build configuration list for PBXProject "二叉树链表实现" */;
			compatibilityVersion = "Xcode 3.2";
			developmentRegion = English;
			hasScannedForEncodings = 0;
			knownRegions = (
				en,
			);
			mainGroup = FDD782C11C30C21300B7CABC;
			productRefGroup = FDD782CB1C30C21300B7CABC /* Products */;
			projectDirPath = "";
			projectRoot = "";
			targets = (
				FDD782C91C30C21300B7CABC /* 二叉树链表实现 */,
			);
		};
/* End PBXProject section */

/* Begin PBXSourcesBuildPhase section */
		FDD782C61C30C21300B7CABC /* Sources */ = {
			isa = PBXSourcesBuildPhase;
			buildActionMask = 2147483647;
			files = (
				FDD782CE1C30C21300B7CABC /* main.c in Sources */,
			);
			runOnlyForDeploymentPostprocessing = 0;
		};
/* End PBXSourcesBuildPhase section */

/* Begin XCBuildConfiguration section */
		FDD782CF1C30C21300B7CABC /* Debug */ = {
			isa = XCBuildConfiguration;
			buildSettings = {
				ALWAYS_SEARCH_USER_PATHS = NO;
				CLANG_CXX_LANGUAGE_STANDARD = "gnu++0x";
				CLANG_CXX_LIBRARY = "libc++";
				CLANG_ENABLE_MODULES = YES;
				CLANG_ENABLE_OBJC_ARC = YES;
				CLANG_WARN_BOOL_CONVERSION = YES;
				CLANG_WARN_CONSTANT_CONVERSION = YES;
				CLANG_WARN_DIRECT_OBJC_ISA_USAGE = YES_ERROR;
				CLANG_WARN_EMPTY_BODY = YES;
				CLANG_WARN_ENUM_CONVERSION = YES;
				CLANG_WARN_INT_CONVERSION = YES;
				CLANG_WARN_OBJC_ROOT_CLASS = YES_ERROR;
				CLANG_WARN_UNREACHABLE_CODE = YES;
				CLANG_WARN__DUPLICATE_METHOD_MATCH = YES;
				COPY_PHASE_STRIP = NO;
				DEBUG_INFORMATION_FORMAT = dwarf;
				ENABLE_STRICT_OBJC_MSGSEND = YES;
				GCC_C_LANGUAGE_STANDARD = gnu99;
				GCC_DYNAMIC_NO_PIC = NO;
				GCC_NO_COMMON_BLOCKS = YES;
				GCC_OPTIMIZATION_LEVEL = 0;
				GCC_PREPROCESSOR_DEFINITIONS = (
					"DEBUG=1",
					"$(inherited)",
				);
				GCC_SYMBOLS_PRIVATE_EXTERN = NO;
				GCC_WARN_64_TO_32_BIT_CONVERSION = YES;
				GCC_WARN_ABOUT_RETURN_TYPE = YES_ERROR;
				GCC_WARN_UNDECLARED_SELECTOR = YES;
				GCC_WARN_UNINITIALIZED_AUTOS = YES_AGGRESSIVE;
				GCC_WARN_UNUSED_FUNCTION = YES;
				GCC_WARN_UNUSED_VARIABLE = YES;
				MACOSX_DEPLOYMENT_TARGET = 10.11;
				MTL_ENABLE_DEBUG_INFO = YES;
				ONLY_ACTIVE_ARCH = YES;
				SDKROOT = macosx;
			};
			name = Debug;
		};
		FDD782D01C30C21300B7CABC /* Release */ = {
			isa = XCBuildConfiguration;
			buildSettings = {
				ALWAYS_SEARCH_USER_PATHS = NO;
				CLANG_CXX_LANGUAGE_STANDARD = "gnu++0x";
				CLANG_CXX_LIBRARY = "libc++";
				CLANG_ENABLE_MODULES = YES;
				CLANG_ENABLE_OBJC_ARC = YES;
				CLANG_WARN_BOOL_CONVERSION = YES;
				CLANG_WARN_CONSTANT_CONVERSION = YES;
				CLANG_WARN_DIRECT_OBJC_ISA_USAGE = YES_ERROR;
				CLANG_WARN_EMPTY_BODY = YES;
				CLANG_WARN_ENUM_CONVERSION = YES;
				CLANG_WARN_INT_CONVERSION = YES;
				CLANG_WARN_OBJC_ROOT_CLASS = YES_ERROR;
				CLANG_WARN_UNREACHABLE_CODE = YES;
				CLANG_WARN__DUPLICATE_METHOD_MATCH = YES;
				COPY_PHASE_STRIP = NO;
				DEBUG_INFORMATION_FORMAT = "dwarf-with-dsym";
				ENABLE_NS_ASSERTIONS = NO;
				ENABLE_STRICT_OBJC_MSGSEND = YES;
				GCC_C_LANGUAGE_STANDARD = gnu99;
				GCC_NO_COMMON_BLOCKS = YES;
				GCC_WARN_64_TO_32_BIT_CONVERSION = YES;
				GCC_WARN_ABOUT_RETURN_TYPE = YES_ERROR;
				GCC_WARN_UNDECLARED_SELECTOR = YES;
				GCC_WARN_UNINITIALIZED_AUTOS = YES_AGGRESSIVE;
				GCC_WARN_UNUSED_FUNCTION = YES;
				GCC_WARN_UNUSED_VARIABLE = YES;
				MACOSX_DEPLOYMENT_TARGET = 10.11;
				MTL_ENABLE_DEBUG_INFO = NO;
				SDKROOT = macosx;
			};
			name = Release;
		};
		FDD782D21C30C21300B7CABC /* Debug */ = {
			isa = XCBuildConfiguration;
			buildSettings = {
				PRODUCT_NAME = "$(TARGET_NAME)";
			};
			name = Debug;
		};
		FDD782D31C30C21300B7CABC /* Release */ = {
			isa = XCBuildConfiguration;
			buildSettings = {
				PRODUCT_NAME = "$(TARGET_NAME)";
			};
			name = Release;
		};
/* End XCBuildConfiguration section */

/* Begin XCConfigurationList section */
		FDD782C51C30C21300B7CABC /* Build configuration list for PBXProject "二叉树链表实现" */ = {
			isa = XCConfigurationList;
			buildConfigurations = (
				FDD782CF1C30C21300B7CABC /* Debug */,
				FDD782D01C30C21300B7CABC /* Release */,
			);
			defaultConfigurationIsVisible = 0;
			defaultConfigurationName = Release;
		};
		FDD782D11C30C21300B7CABC /* Build configuration list for PBXNativeTarget "二叉树链表实现" */ = {
			isa = XCConfigurationList;
			buildConfigurations = (
				FDD782D21C30C21300B7CABC /* Debug */,
				FDD782D31C30C21300B7CABC /* Release */,
			);
			defaultConfigurationIsVisible = 0;
		};
/* End XCConfigurationList section */
	};
	rootObject = FDD782C21C30C21300B7CABC /* Project object */;
}
