// !$*UTF8*$!
{
	archiveVersion = 1;
	classes = {
	};
	objectVersion = 46;
	objects = {

/* Begin PBXBuildFile section */
		FD80AC9F1CD356CC004D7780 /* main.cpp in Sources */ = {isa = PBXBuildFile; fileRef = FD80AC9E1CD356CC004D7780 /* main.cpp */; };
/* End PBXBuildFile section */

/* Begin PBXCopyFilesBuildPhase section */
		FD80AC991CD356CC004D7780 /* CopyFiles */ = {
			isa = PBXCopyFilesBuildPhase;
			buildActionMask = 2147483647;
			dstPath = /usr/share/man/man1/;
			dstSubfolderSpec = 0;
			files = (
			);
			runOnlyForDeploymentPostprocessing = 1;
		};
/* End PBXCopyFilesBuildPhase section */

/* Begin PBXFileReference section */
		FD80AC9B1CD356CC004D7780 /* Multiple exceptions(for hw) */ = {isa = PBXFileReference; explicitFileType = "compiled.mach-o.executable"; includeInIndex = 0; path = "Multiple exceptions(for hw)"; sourceTree = BUILT_PRODUCTS_DIR; };
		FD80AC9E1CD356CC004D7780 /* main.cpp */ = {isa = PBXFileReference; lastKnownFileType = sourcecode.cpp.cpp; path = main.cpp; sourceTree = "<group>"; };
		FD80ACA51CD356F1004D7780 /* multi_throw.h */ = {isa = PBXFileReference; lastKnownFileType = sourcecode.c.h; path = multi_throw.h; sourceTree = "<group>"; };
/* End PBXFileReference section */

/* Begin PBXFrameworksBuildPhase section */
		FD80AC981CD356CC004D7780 /* Frameworks */ = {
			isa = PBXFrameworksBuildPhase;
			buildActionMask = 2147483647;
			files = (
			);
			runOnlyForDeploymentPostprocessing = 0;
		};
/* End PBXFrameworksBuildPhase section */

/* Begin PBXGroup section */
		FD80AC921CD356CC004D7780 = {
			isa = PBXGroup;
			children = (
				FD80AC9D1CD356CC004D7780 /* Multiple exceptions(for hw) */,
				FD80AC9C1CD356CC004D7780 /* Products */,
			);
			sourceTree = "<group>";
		};
		FD80AC9C1CD356CC004D7780 /* Products */ = {
			isa = PBXGroup;
			children = (
				FD80AC9B1CD356CC004D7780 /* Multiple exceptions(for hw) */,
			);
			name = Products;
			sourceTree = "<group>";
		};
		FD80AC9D1CD356CC004D7780 /* Multiple exceptions(for hw) */ = {
			isa = PBXGroup;
			children = (
				FD80AC9E1CD356CC004D7780 /* main.cpp */,
				FD80ACA51CD356F1004D7780 /* multi_throw.h */,
			);
			path = "Multiple exceptions(for hw)";
			sourceTree = "<group>";
		};
/* End PBXGroup section */

/* Begin PBXNativeTarget section */
		FD80AC9A1CD356CC004D7780 /* Multiple exceptions(for hw) */ = {
			isa = PBXNativeTarget;
			buildConfigurationList = FD80ACA21CD356CC004D7780 /* Build configuration list for PBXNativeTarget "Multiple exceptions(for hw)" */;
			buildPhases = (
				FD80AC971CD356CC004D7780 /* Sources */,
				FD80AC981CD356CC004D7780 /* Frameworks */,
				FD80AC991CD356CC004D7780 /* CopyFiles */,
			);
			buildRules = (
			);
			dependencies = (
			);
			name = "Multiple exceptions(for hw)";
			productName = "Multiple exceptions(for hw)";
			productReference = FD80AC9B1CD356CC004D7780 /* Multiple exceptions(for hw) */;
			productType = "com.apple.product-type.tool";
		};
/* End PBXNativeTarget section */

/* Begin PBXProject section */
		FD80AC931CD356CC004D7780 /* Project object */ = {
			isa = PBXProject;
			attributes = {
				LastUpgradeCheck = 0730;
				ORGANIZATIONNAME = "菇生";
				TargetAttributes = {
					FD80AC9A1CD356CC004D7780 = {
						CreatedOnToolsVersion = 7.3;
					};
				};
			};
			buildConfigurationList = FD80AC961CD356CC004D7780 /* Build configuration list for PBXProject "Multiple exceptions(for hw)" */;
			compatibilityVersion = "Xcode 3.2";
			developmentRegion = English;
			hasScannedForEncodings = 0;
			knownRegions = (
				en,
			);
			mainGroup = FD80AC921CD356CC004D7780;
			productRefGroup = FD80AC9C1CD356CC004D7780 /* Products */;
			projectDirPath = "";
			projectRoot = "";
			targets = (
				FD80AC9A1CD356CC004D7780 /* Multiple exceptions(for hw) */,
			);
		};
/* End PBXProject section */

/* Begin PBXSourcesBuildPhase section */
		FD80AC971CD356CC004D7780 /* Sources */ = {
			isa = PBXSourcesBuildPhase;
			buildActionMask = 2147483647;
			files = (
				FD80AC9F1CD356CC004D7780 /* main.cpp in Sources */,
			);
			runOnlyForDeploymentPostprocessing = 0;
		};
/* End PBXSourcesBuildPhase section */

/* Begin XCBuildConfiguration section */
		FD80ACA01CD356CC004D7780 /* Debug */ = {
			isa = XCBuildConfiguration;
			buildSettings = {
				ALWAYS_SEARCH_USER_PATHS = NO;
				CLANG_ANALYZER_NONNULL = YES;
				CLANG_CXX_LANGUAGE_STANDARD = "gnu++0x";
				CLANG_CXX_LIBRARY = "libc++";
				CLANG_ENABLE_MODULES = YES;
				CLANG_ENABLE_OBJC_ARC = YES;
				CLANG_WARN_BOOL_CONVERSION = YES;
				CLANG_WARN_CONSTANT_CONVERSION = YES;
				CLANG_WARN_DIRECT_OBJC_ISA_USAGE = YES_ERROR;
				CLANG_WARN_EMPTY_BODY = YES;
				CLANG_WARN_ENUM_CONVERSION = YES;
				CLANG_WARN_INT_CONVERSION = YES;
				CLANG_WARN_OBJC_ROOT_CLASS = YES_ERROR;
				CLANG_WARN_UNREACHABLE_CODE = YES;
				CLANG_WARN__DUPLICATE_METHOD_MATCH = YES;
				CODE_SIGN_IDENTITY = "-";
				COPY_PHASE_STRIP = NO;
				DEBUG_INFORMATION_FORMAT = dwarf;
				ENABLE_STRICT_OBJC_MSGSEND = YES;
				ENABLE_TESTABILITY = YES;
				GCC_C_LANGUAGE_STANDARD = gnu99;
				GCC_DYNAMIC_NO_PIC = NO;
				GCC_NO_COMMON_BLOCKS = YES;
				GCC_OPTIMIZATION_LEVEL = 0;
				GCC_PREPROCESSOR_DEFINITIONS = (
					"DEBUG=1",
					"$(inherited)",
				);
				GCC_WARN_64_TO_32_BIT_CONVERSION = YES;
				GCC_WARN_ABOUT_RETURN_TYPE = YES_ERROR;
				GCC_WARN_UNDECLARED_SELECTOR = YES;
				GCC_WARN_UNINITIALIZED_AUTOS = YES_AGGRESSIVE;
				GCC_WARN_UNUSED_FUNCTION = YES;
				GCC_WARN_UNUSED_VARIABLE = YES;
				MACOSX_DEPLOYMENT_TARGET = 10.11;
				MTL_ENABLE_DEBUG_INFO = YES;
				ONLY_ACTIVE_ARCH = YES;
				SDKROOT = macosx;
			};
			name = Debug;
		};
		FD80ACA11CD356CC004D7780 /* Release */ = {
			isa = XCBuildConfiguration;
			buildSettings = {
				ALWAYS_SEARCH_USER_PATHS = NO;
				CLANG_ANALYZER_NONNULL = YES;
				CLANG_CXX_LANGUAGE_STANDARD = "gnu++0x";
				CLANG_CXX_LIBRARY = "libc++";
				CLANG_ENABLE_MODULES = YES;
				CLANG_ENABLE_OBJC_ARC = YES;
				CLANG_WARN_BOOL_CONVERSION = YES;
				CLANG_WARN_CONSTANT_CONVERSION = YES;
				CLANG_WARN_DIRECT_OBJC_ISA_USAGE = YES_ERROR;
				CLANG_WARN_EMPTY_BODY = YES;
				CLANG_WARN_ENUM_CONVERSION = YES;
				CLANG_WARN_INT_CONVERSION = YES;
				CLANG_WARN_OBJC_ROOT_CLASS = YES_ERROR;
				CLANG_WARN_UNREACHABLE_CODE = YES;
				CLANG_WARN__DUPLICATE_METHOD_MATCH = YES;
				CODE_SIGN_IDENTITY = "-";
				COPY_PHASE_STRIP = NO;
				DEBUG_INFORMATION_FORMAT = "dwarf-with-dsym";
				ENABLE_NS_ASSERTIONS = NO;
				ENABLE_STRICT_OBJC_MSGSEND = YES;
				GCC_C_LANGUAGE_STANDARD = gnu99;
				GCC_NO_COMMON_BLOCKS = YES;
				GCC_WARN_64_TO_32_BIT_CONVERSION = YES;
				GCC_WARN_ABOUT_RETURN_TYPE = YES_ERROR;
				GCC_WARN_UNDECLARED_SELECTOR = YES;
				GCC_WARN_UNINITIALIZED_AUTOS = YES_AGGRESSIVE;
				GCC_WARN_UNUSED_FUNCTION = YES;
				GCC_WARN_UNUSED_VARIABLE = YES;
				MACOSX_DEPLOYMENT_TARGET = 10.11;
				MTL_ENABLE_DEBUG_INFO = NO;
				SDKROOT = macosx;
			};
			name = Release;
		};
		FD80ACA31CD356CC004D7780 /* Debug */ = {
			isa = XCBuildConfiguration;
			buildSettings = {
				PRODUCT_NAME = "$(TARGET_NAME)";
			};
			name = Debug;
		};
		FD80ACA41CD356CC004D7780 /* Release */ = {
			isa = XCBuildConfiguration;
			buildSettings = {
				PRODUCT_NAME = "$(TARGET_NAME)";
			};
			name = Release;
		};
/* End XCBuildConfiguration section */

/* Begin XCConfigurationList section */
		FD80AC961CD356CC004D7780 /* Build configuration list for PBXProject "Multiple exceptions(for hw)" */ = {
			isa = XCConfigurationList;
			buildConfigurations = (
				FD80ACA01CD356CC004D7780 /* Debug */,
				FD80ACA11CD356CC004D7780 /* Release */,
			);
			defaultConfigurationIsVisible = 0;
			defaultConfigurationName = Release;
		};
		FD80ACA21CD356CC004D7780 /* Build configuration list for PBXNativeTarget "Multiple exceptions(for hw)" */ = {
			isa = XCConfigurationList;
			buildConfigurations = (
				FD80ACA31CD356CC004D7780 /* Debug */,
				FD80ACA41CD356CC004D7780 /* Release */,
			);
			defaultConfigurationIsVisible = 0;
		};
/* End XCConfigurationList section */
	};
	rootObject = FD80AC931CD356CC004D7780 /* Project object */;
}
