// !$*UTF8*$!
{
	archiveVersion = 1;
	classes = {
	};
	objectVersion = 46;
	objects = {

/* Begin PBXBuildFile section */
		FD9DE5931CBCEFEC00021A30 /* main.cpp in Sources */ = {isa = PBXBuildFile; fileRef = FD9DE5921CBCEFEC00021A30 /* main.cpp */; };
/* End PBXBuildFile section */

/* Begin PBXCopyFilesBuildPhase section */
		FD9DE58D1CBCEFEC00021A30 /* CopyFiles */ = {
			isa = PBXCopyFilesBuildPhase;
			buildActionMask = 2147483647;
			dstPath = /usr/share/man/man1/;
			dstSubfolderSpec = 0;
			files = (
			);
			runOnlyForDeploymentPostprocessing = 1;
		};
/* End PBXCopyFilesBuildPhase section */

/* Begin PBXFileReference section */
		FD9DE58F1CBCEFEC00021A30 /* Matrix_Determinant */ = {isa = PBXFileReference; explicitFileType = "compiled.mach-o.executable"; includeInIndex = 0; path = Matrix_Determinant; sourceTree = BUILT_PRODUCTS_DIR; };
		FD9DE5921CBCEFEC00021A30 /* main.cpp */ = {isa = PBXFileReference; lastKnownFileType = sourcecode.cpp.cpp; path = main.cpp; sourceTree = "<group>"; };
/* End PBXFileReference section */

/* Begin PBXFrameworksBuildPhase section */
		FD9DE58C1CBCEFEC00021A30 /* Frameworks */ = {
			isa = PBXFrameworksBuildPhase;
			buildActionMask = 2147483647;
			files = (
			);
			runOnlyForDeploymentPostprocessing = 0;
		};
/* End PBXFrameworksBuildPhase section */

/* Begin PBXGroup section */
		FD9DE5861CBCEFEC00021A30 = {
			isa = PBXGroup;
			children = (
				FD9DE5911CBCEFEC00021A30 /* Matrix_Determinant */,
				FD9DE5901CBCEFEC00021A30 /* Products */,
			);
			sourceTree = "<group>";
		};
		FD9DE5901CBCEFEC00021A30 /* Products */ = {
			isa = PBXGroup;
			children = (
				FD9DE58F1CBCEFEC00021A30 /* Matrix_Determinant */,
			);
			name = Products;
			sourceTree = "<group>";
		};
		FD9DE5911CBCEFEC00021A30 /* Matrix_Determinant */ = {
			isa = PBXGroup;
			children = (
				FD9DE5921CBCEFEC00021A30 /* main.cpp */,
			);
			path = Matrix_Determinant;
			sourceTree = "<group>";
		};
/* End PBXGroup section */

/* Begin PBXNativeTarget section */
		FD9DE58E1CBCEFEC00021A30 /* Matrix_Determinant */ = {
			isa = PBXNativeTarget;
			buildConfigurationList = FD9DE5961CBCEFEC00021A30 /* Build configuration list for PBXNativeTarget "Matrix_Determinant" */;
			buildPhases = (
				FD9DE58B1CBCEFEC00021A30 /* Sources */,
				FD9DE58C1CBCEFEC00021A30 /* Frameworks */,
				FD9DE58D1CBCEFEC00021A30 /* CopyFiles */,
			);
			buildRules = (
			);
			dependencies = (
			);
			name = Matrix_Determinant;
			productName = Matrix_Determinant;
			productReference = FD9DE58F1CBCEFEC00021A30 /* Matrix_Determinant */;
			productType = "com.apple.product-type.tool";
		};
/* End PBXNativeTarget section */

/* Begin PBXProject section */
		FD9DE5871CBCEFEC00021A30 /* Project object */ = {
			isa = PBXProject;
			attributes = {
				LastUpgradeCheck = 0730;
				ORGANIZATIONNAME = "邱兆丰";
				TargetAttributes = {
					FD9DE58E1CBCEFEC00021A30 = {
						CreatedOnToolsVersion = 7.3;
					};
				};
			};
			buildConfigurationList = FD9DE58A1CBCEFEC00021A30 /* Build configuration list for PBXProject "Matrix_Determinant" */;
			compatibilityVersion = "Xcode 3.2";
			developmentRegion = English;
			hasScannedForEncodings = 0;
			knownRegions = (
				en,
			);
			mainGroup = FD9DE5861CBCEFEC00021A30;
			productRefGroup = FD9DE5901CBCEFEC00021A30 /* Products */;
			projectDirPath = "";
			projectRoot = "";
			targets = (
				FD9DE58E1CBCEFEC00021A30 /* Matrix_Determinant */,
			);
		};
/* End PBXProject section */

/* Begin PBXSourcesBuildPhase section */
		FD9DE58B1CBCEFEC00021A30 /* Sources */ = {
			isa = PBXSourcesBuildPhase;
			buildActionMask = 2147483647;
			files = (
				FD9DE5931CBCEFEC00021A30 /* main.cpp in Sources */,
			);
			runOnlyForDeploymentPostprocessing = 0;
		};
/* End PBXSourcesBuildPhase section */

/* Begin XCBuildConfiguration section */
		FD9DE5941CBCEFEC00021A30 /* Debug */ = {
			isa = XCBuildConfiguration;
			buildSettings = {
				ALWAYS_SEARCH_USER_PATHS = NO;
				CLANG_ANALYZER_NONNULL = YES;
				CLANG_CXX_LANGUAGE_STANDARD = "gnu++0x";
				CLANG_CXX_LIBRARY = "libc++";
				CLANG_ENABLE_MODULES = YES;
				CLANG_ENABLE_OBJC_ARC = YES;
				CLANG_WARN_BOOL_CONVERSION = YES;
				CLANG_WARN_CONSTANT_CONVERSION = YES;
				CLANG_WARN_DIRECT_OBJC_ISA_USAGE = YES_ERROR;
				CLANG_WARN_EMPTY_BODY = YES;
				CLANG_WARN_ENUM_CONVERSION = YES;
				CLANG_WARN_INT_CONVERSION = YES;
				CLANG_WARN_OBJC_ROOT_CLASS = YES_ERROR;
				CLANG_WARN_UNREACHABLE_CODE = YES;
				CLANG_WARN__DUPLICATE_METHOD_MATCH = YES;
				CODE_SIGN_IDENTITY = "-";
				COPY_PHASE_STRIP = NO;
				DEBUG_INFORMATION_FORMAT = dwarf;
				ENABLE_STRICT_OBJC_MSGSEND = YES;
				ENABLE_TESTABILITY = YES;
				GCC_C_LANGUAGE_STANDARD = gnu99;
				GCC_DYNAMIC_NO_PIC = NO;
				GCC_NO_COMMON_BLOCKS = YES;
				GCC_OPTIMIZATION_LEVEL = 0;
				GCC_PREPROCESSOR_DEFINITIONS = (
					"DEBUG=1",
					"$(inherited)",
				);
				GCC_WARN_64_TO_32_BIT_CONVERSION = YES;
				GCC_WARN_ABOUT_RETURN_TYPE = YES_ERROR;
				GCC_WARN_UNDECLARED_SELECTOR = YES;
				GCC_WARN_UNINITIALIZED_AUTOS = YES_AGGRESSIVE;
				GCC_WARN_UNUSED_FUNCTION = YES;
				GCC_WARN_UNUSED_VARIABLE = YES;
				MACOSX_DEPLOYMENT_TARGET = 10.11;
				MTL_ENABLE_DEBUG_INFO = YES;
				ONLY_ACTIVE_ARCH = YES;
				SDKROOT = macosx;
			};
			name = Debug;
		};
		FD9DE5951CBCEFEC00021A30 /* Release */ = {
			isa = XCBuildConfiguration;
			buildSettings = {
				ALWAYS_SEARCH_USER_PATHS = NO;
				CLANG_ANALYZER_NONNULL = YES;
				CLANG_CXX_LANGUAGE_STANDARD = "gnu++0x";
				CLANG_CXX_LIBRARY = "libc++";
				CLANG_ENABLE_MODULES = YES;
				CLANG_ENABLE_OBJC_ARC = YES;
				CLANG_WARN_BOOL_CONVERSION = YES;
				CLANG_WARN_CONSTANT_CONVERSION = YES;
				CLANG_WARN_DIRECT_OBJC_ISA_USAGE = YES_ERROR;
				CLANG_WARN_EMPTY_BODY = YES;
				CLANG_WARN_ENUM_CONVERSION = YES;
				CLANG_WARN_INT_CONVERSION = YES;
				CLANG_WARN_OBJC_ROOT_CLASS = YES_ERROR;
				CLANG_WARN_UNREACHABLE_CODE = YES;
				CLANG_WARN__DUPLICATE_METHOD_MATCH = YES;
				CODE_SIGN_IDENTITY = "-";
				COPY_PHASE_STRIP = NO;
				DEBUG_INFORMATION_FORMAT = "dwarf-with-dsym";
				ENABLE_NS_ASSERTIONS = NO;
				ENABLE_STRICT_OBJC_MSGSEND = YES;
				GCC_C_LANGUAGE_STANDARD = gnu99;
				GCC_NO_COMMON_BLOCKS = YES;
				GCC_WARN_64_TO_32_BIT_CONVERSION = YES;
				GCC_WARN_ABOUT_RETURN_TYPE = YES_ERROR;
				GCC_WARN_UNDECLARED_SELECTOR = YES;
				GCC_WARN_UNINITIALIZED_AUTOS = YES_AGGRESSIVE;
				GCC_WARN_UNUSED_FUNCTION = YES;
				GCC_WARN_UNUSED_VARIABLE = YES;
				MACOSX_DEPLOYMENT_TARGET = 10.11;
				MTL_ENABLE_DEBUG_INFO = NO;
				SDKROOT = macosx;
			};
			name = Release;
		};
		FD9DE5971CBCEFEC00021A30 /* Debug */ = {
			isa = XCBuildConfiguration;
			buildSettings = {
				PRODUCT_NAME = "$(TARGET_NAME)";
			};
			name = Debug;
		};
		FD9DE5981CBCEFEC00021A30 /* Release */ = {
			isa = XCBuildConfiguration;
			buildSettings = {
				PRODUCT_NAME = "$(TARGET_NAME)";
			};
			name = Release;
		};
/* End XCBuildConfiguration section */

/* Begin XCConfigurationList section */
		FD9DE58A1CBCEFEC00021A30 /* Build configuration list for PBXProject "Matrix_Determinant" */ = {
			isa = XCConfigurationList;
			buildConfigurations = (
				FD9DE5941CBCEFEC00021A30 /* Debug */,
				FD9DE5951CBCEFEC00021A30 /* Release */,
			);
			defaultConfigurationIsVisible = 0;
			defaultConfigurationName = Release;
		};
		FD9DE5961CBCEFEC00021A30 /* Build configuration list for PBXNativeTarget "Matrix_Determinant" */ = {
			isa = XCConfigurationList;
			buildConfigurations = (
				FD9DE5971CBCEFEC00021A30 /* Debug */,
				FD9DE5981CBCEFEC00021A30 /* Release */,
			);
			defaultConfigurationIsVisible = 0;
		};
/* End XCConfigurationList section */
	};
	rootObject = FD9DE5871CBCEFEC00021A30 /* Project object */;
}
