// !$*UTF8*$!
{
	archiveVersion = 1;
	classes = {
	};
	objectVersion = 46;
	objects = {

/* Begin PBXBuildFile section */
		FD225F7F1C8CFD160004BBEF /* main.cpp in Sources */ = {isa = PBXBuildFile; fileRef = FD225F7E1C8CFD160004BBEF /* main.cpp */; };
		FD225F871C8CFD5D0004BBEF /* Set.cpp in Sources */ = {isa = PBXBuildFile; fileRef = FD225F851C8CFD5D0004BBEF /* Set.cpp */; };
/* End PBXBuildFile section */

/* Begin PBXCopyFilesBuildPhase section */
		FD225F791C8CFD160004BBEF /* CopyFiles */ = {
			isa = PBXCopyFilesBuildPhase;
			buildActionMask = 2147483647;
			dstPath = /usr/share/man/man1/;
			dstSubfolderSpec = 0;
			files = (
			);
			runOnlyForDeploymentPostprocessing = 1;
		};
/* End PBXCopyFilesBuildPhase section */

/* Begin PBXFileReference section */
		FD225F7B1C8CFD160004BBEF /* Set(DS) */ = {isa = PBXFileReference; explicitFileType = "compiled.mach-o.executable"; includeInIndex = 0; path = "Set(DS)"; sourceTree = BUILT_PRODUCTS_DIR; };
		FD225F7E1C8CFD160004BBEF /* main.cpp */ = {isa = PBXFileReference; lastKnownFileType = sourcecode.cpp.cpp; path = main.cpp; sourceTree = "<group>"; };
		FD225F851C8CFD5D0004BBEF /* Set.cpp */ = {isa = PBXFileReference; fileEncoding = 4; lastKnownFileType = sourcecode.cpp.cpp; path = Set.cpp; sourceTree = "<group>"; };
		FD225F861C8CFD5D0004BBEF /* Set.hpp */ = {isa = PBXFileReference; fileEncoding = 4; lastKnownFileType = sourcecode.cpp.h; path = Set.hpp; sourceTree = "<group>"; };
/* End PBXFileReference section */

/* Begin PBXFrameworksBuildPhase section */
		FD225F781C8CFD160004BBEF /* Frameworks */ = {
			isa = PBXFrameworksBuildPhase;
			buildActionMask = 2147483647;
			files = (
			);
			runOnlyForDeploymentPostprocessing = 0;
		};
/* End PBXFrameworksBuildPhase section */

/* Begin PBXGroup section */
		FD225F721C8CFD160004BBEF = {
			isa = PBXGroup;
			children = (
				FD225F7D1C8CFD160004BBEF /* Set(DS) */,
				FD225F7C1C8CFD160004BBEF /* Products */,
			);
			sourceTree = "<group>";
		};
		FD225F7C1C8CFD160004BBEF /* Products */ = {
			isa = PBXGroup;
			children = (
				FD225F7B1C8CFD160004BBEF /* Set(DS) */,
			);
			name = Products;
			sourceTree = "<group>";
		};
		FD225F7D1C8CFD160004BBEF /* Set(DS) */ = {
			isa = PBXGroup;
			children = (
				FD225F7E1C8CFD160004BBEF /* main.cpp */,
				FD225F851C8CFD5D0004BBEF /* Set.cpp */,
				FD225F861C8CFD5D0004BBEF /* Set.hpp */,
			);
			path = "Set(DS)";
			sourceTree = "<group>";
		};
/* End PBXGroup section */

/* Begin PBXNativeTarget section */
		FD225F7A1C8CFD160004BBEF /* Set(DS) */ = {
			isa = PBXNativeTarget;
			buildConfigurationList = FD225F821C8CFD160004BBEF /* Build configuration list for PBXNativeTarget "Set(DS)" */;
			buildPhases = (
				FD225F771C8CFD160004BBEF /* Sources */,
				FD225F781C8CFD160004BBEF /* Frameworks */,
				FD225F791C8CFD160004BBEF /* CopyFiles */,
			);
			buildRules = (
			);
			dependencies = (
			);
			name = "Set(DS)";
			productName = "Set(DS)";
			productReference = FD225F7B1C8CFD160004BBEF /* Set(DS) */;
			productType = "com.apple.product-type.tool";
		};
/* End PBXNativeTarget section */

/* Begin PBXProject section */
		FD225F731C8CFD160004BBEF /* Project object */ = {
			isa = PBXProject;
			attributes = {
				LastUpgradeCheck = 0720;
				ORGANIZATIONNAME = "邱兆丰";
				TargetAttributes = {
					FD225F7A1C8CFD160004BBEF = {
						CreatedOnToolsVersion = 7.2;
					};
				};
			};
			buildConfigurationList = FD225F761C8CFD160004BBEF /* Build configuration list for PBXProject "Set(DS)" */;
			compatibilityVersion = "Xcode 3.2";
			developmentRegion = English;
			hasScannedForEncodings = 0;
			knownRegions = (
				en,
			);
			mainGroup = FD225F721C8CFD160004BBEF;
			productRefGroup = FD225F7C1C8CFD160004BBEF /* Products */;
			projectDirPath = "";
			projectRoot = "";
			targets = (
				FD225F7A1C8CFD160004BBEF /* Set(DS) */,
			);
		};
/* End PBXProject section */

/* Begin PBXSourcesBuildPhase section */
		FD225F771C8CFD160004BBEF /* Sources */ = {
			isa = PBXSourcesBuildPhase;
			buildActionMask = 2147483647;
			files = (
				FD225F871C8CFD5D0004BBEF /* Set.cpp in Sources */,
				FD225F7F1C8CFD160004BBEF /* main.cpp in Sources */,
			);
			runOnlyForDeploymentPostprocessing = 0;
		};
/* End PBXSourcesBuildPhase section */

/* Begin XCBuildConfiguration section */
		FD225F801C8CFD160004BBEF /* Debug */ = {
			isa = XCBuildConfiguration;
			buildSettings = {
				ALWAYS_SEARCH_USER_PATHS = NO;
				CLANG_CXX_LANGUAGE_STANDARD = "gnu++0x";
				CLANG_CXX_LIBRARY = "libc++";
				CLANG_ENABLE_MODULES = YES;
				CLANG_ENABLE_OBJC_ARC = YES;
				CLANG_WARN_BOOL_CONVERSION = YES;
				CLANG_WARN_CONSTANT_CONVERSION = YES;
				CLANG_WARN_DIRECT_OBJC_ISA_USAGE = YES_ERROR;
				CLANG_WARN_EMPTY_BODY = YES;
				CLANG_WARN_ENUM_CONVERSION = YES;
				CLANG_WARN_INT_CONVERSION = YES;
				CLANG_WARN_OBJC_ROOT_CLASS = YES_ERROR;
				CLANG_WARN_UNREACHABLE_CODE = YES;
				CLANG_WARN__DUPLICATE_METHOD_MATCH = YES;
				CODE_SIGN_IDENTITY = "-";
				COPY_PHASE_STRIP = NO;
				DEBUG_INFORMATION_FORMAT = dwarf;
				ENABLE_STRICT_OBJC_MSGSEND = YES;
				ENABLE_TESTABILITY = YES;
				GCC_C_LANGUAGE_STANDARD = gnu99;
				GCC_DYNAMIC_NO_PIC = NO;
				GCC_NO_COMMON_BLOCKS = YES;
				GCC_OPTIMIZATION_LEVEL = 0;
				GCC_PREPROCESSOR_DEFINITIONS = (
					"DEBUG=1",
					"$(inherited)",
				);
				GCC_WARN_64_TO_32_BIT_CONVERSION = YES;
				GCC_WARN_ABOUT_RETURN_TYPE = YES_ERROR;
				GCC_WARN_UNDECLARED_SELECTOR = YES;
				GCC_WARN_UNINITIALIZED_AUTOS = YES_AGGRESSIVE;
				GCC_WARN_UNUSED_FUNCTION = YES;
				GCC_WARN_UNUSED_VARIABLE = YES;
				MACOSX_DEPLOYMENT_TARGET = 10.11;
				MTL_ENABLE_DEBUG_INFO = YES;
				ONLY_ACTIVE_ARCH = YES;
				SDKROOT = macosx;
			};
			name = Debug;
		};
		FD225F811C8CFD160004BBEF /* Release */ = {
			isa = XCBuildConfiguration;
			buildSettings = {
				ALWAYS_SEARCH_USER_PATHS = NO;
				CLANG_CXX_LANGUAGE_STANDARD = "gnu++0x";
				CLANG_CXX_LIBRARY = "libc++";
				CLANG_ENABLE_MODULES = YES;
				CLANG_ENABLE_OBJC_ARC = YES;
				CLANG_WARN_BOOL_CONVERSION = YES;
				CLANG_WARN_CONSTANT_CONVERSION = YES;
				CLANG_WARN_DIRECT_OBJC_ISA_USAGE = YES_ERROR;
				CLANG_WARN_EMPTY_BODY = YES;
				CLANG_WARN_ENUM_CONVERSION = YES;
				CLANG_WARN_INT_CONVERSION = YES;
				CLANG_WARN_OBJC_ROOT_CLASS = YES_ERROR;
				CLANG_WARN_UNREACHABLE_CODE = YES;
				CLANG_WARN__DUPLICATE_METHOD_MATCH = YES;
				CODE_SIGN_IDENTITY = "-";
				COPY_PHASE_STRIP = NO;
				DEBUG_INFORMATION_FORMAT = "dwarf-with-dsym";
				ENABLE_NS_ASSERTIONS = NO;
				ENABLE_STRICT_OBJC_MSGSEND = YES;
				GCC_C_LANGUAGE_STANDARD = gnu99;
				GCC_NO_COMMON_BLOCKS = YES;
				GCC_WARN_64_TO_32_BIT_CONVERSION = YES;
				GCC_WARN_ABOUT_RETURN_TYPE = YES_ERROR;
				GCC_WARN_UNDECLARED_SELECTOR = YES;
				GCC_WARN_UNINITIALIZED_AUTOS = YES_AGGRESSIVE;
				GCC_WARN_UNUSED_FUNCTION = YES;
				GCC_WARN_UNUSED_VARIABLE = YES;
				MACOSX_DEPLOYMENT_TARGET = 10.11;
				MTL_ENABLE_DEBUG_INFO = NO;
				SDKROOT = macosx;
			};
			name = Release;
		};
		FD225F831C8CFD160004BBEF /* Debug */ = {
			isa = XCBuildConfiguration;
			buildSettings = {
				PRODUCT_NAME = "$(TARGET_NAME)";
			};
			name = Debug;
		};
		FD225F841C8CFD160004BBEF /* Release */ = {
			isa = XCBuildConfiguration;
			buildSettings = {
				PRODUCT_NAME = "$(TARGET_NAME)";
			};
			name = Release;
		};
/* End XCBuildConfiguration section */

/* Begin XCConfigurationList section */
		FD225F761C8CFD160004BBEF /* Build configuration list for PBXProject "Set(DS)" */ = {
			isa = XCConfigurationList;
			buildConfigurations = (
				FD225F801C8CFD160004BBEF /* Debug */,
				FD225F811C8CFD160004BBEF /* Release */,
			);
			defaultConfigurationIsVisible = 0;
			defaultConfigurationName = Release;
		};
		FD225F821C8CFD160004BBEF /* Build configuration list for PBXNativeTarget "Set(DS)" */ = {
			isa = XCConfigurationList;
			buildConfigurations = (
				FD225F831C8CFD160004BBEF /* Debug */,
				FD225F841C8CFD160004BBEF /* Release */,
			);
			defaultConfigurationIsVisible = 0;
		};
/* End XCConfigurationList section */
	};
	rootObject = FD225F731C8CFD160004BBEF /* Project object */;
}
