// !$*UTF8*$!
{
	archiveVersion = 1;
	classes = {
	};
	objectVersion = 46;
	objects = {

/* Begin PBXBuildFile section */
		FD6D5DA91CB8D3A40011C2FC /* main.cpp in Sources */ = {isa = PBXBuildFile; fileRef = FD6D5DA81CB8D3A40011C2FC /* main.cpp */; };
/* End PBXBuildFile section */

/* Begin PBXCopyFilesBuildPhase section */
		FD6D5DA31CB8D3A40011C2FC /* CopyFiles */ = {
			isa = PBXCopyFilesBuildPhase;
			buildActionMask = 2147483647;
			dstPath = /usr/share/man/man1/;
			dstSubfolderSpec = 0;
			files = (
			);
			runOnlyForDeploymentPostprocessing = 1;
		};
/* End PBXCopyFilesBuildPhase section */

/* Begin PBXFileReference section */
		FD6D5DA51CB8D3A40011C2FC /* Construct Max Numbers [hw] */ = {isa = PBXFileReference; explicitFileType = "compiled.mach-o.executable"; includeInIndex = 0; path = "Construct Max Numbers [hw]"; sourceTree = BUILT_PRODUCTS_DIR; };
		FD6D5DA81CB8D3A40011C2FC /* main.cpp */ = {isa = PBXFileReference; lastKnownFileType = sourcecode.cpp.cpp; path = main.cpp; sourceTree = "<group>"; };
/* End PBXFileReference section */

/* Begin PBXFrameworksBuildPhase section */
		FD6D5DA21CB8D3A40011C2FC /* Frameworks */ = {
			isa = PBXFrameworksBuildPhase;
			buildActionMask = 2147483647;
			files = (
			);
			runOnlyForDeploymentPostprocessing = 0;
		};
/* End PBXFrameworksBuildPhase section */

/* Begin PBXGroup section */
		FD6D5D9C1CB8D3A40011C2FC = {
			isa = PBXGroup;
			children = (
				FD6D5DA71CB8D3A40011C2FC /* Construct Max Numbers [hw] */,
				FD6D5DA61CB8D3A40011C2FC /* Products */,
			);
			sourceTree = "<group>";
		};
		FD6D5DA61CB8D3A40011C2FC /* Products */ = {
			isa = PBXGroup;
			children = (
				FD6D5DA51CB8D3A40011C2FC /* Construct Max Numbers [hw] */,
			);
			name = Products;
			sourceTree = "<group>";
		};
		FD6D5DA71CB8D3A40011C2FC /* Construct Max Numbers [hw] */ = {
			isa = PBXGroup;
			children = (
				FD6D5DA81CB8D3A40011C2FC /* main.cpp */,
			);
			path = "Construct Max Numbers [hw]";
			sourceTree = "<group>";
		};
/* End PBXGroup section */

/* Begin PBXNativeTarget section */
		FD6D5DA41CB8D3A40011C2FC /* Construct Max Numbers [hw] */ = {
			isa = PBXNativeTarget;
			buildConfigurationList = FD6D5DAC1CB8D3A40011C2FC /* Build configuration list for PBXNativeTarget "Construct Max Numbers [hw]" */;
			buildPhases = (
				FD6D5DA11CB8D3A40011C2FC /* Sources */,
				FD6D5DA21CB8D3A40011C2FC /* Frameworks */,
				FD6D5DA31CB8D3A40011C2FC /* CopyFiles */,
			);
			buildRules = (
			);
			dependencies = (
			);
			name = "Construct Max Numbers [hw]";
			productName = "Construct Max Numbers [hw]";
			productReference = FD6D5DA51CB8D3A40011C2FC /* Construct Max Numbers [hw] */;
			productType = "com.apple.product-type.tool";
		};
/* End PBXNativeTarget section */

/* Begin PBXProject section */
		FD6D5D9D1CB8D3A40011C2FC /* Project object */ = {
			isa = PBXProject;
			attributes = {
				LastUpgradeCheck = 0730;
				ORGANIZATIONNAME = "邱兆丰";
				TargetAttributes = {
					FD6D5DA41CB8D3A40011C2FC = {
						CreatedOnToolsVersion = 7.3;
					};
				};
			};
			buildConfigurationList = FD6D5DA01CB8D3A40011C2FC /* Build configuration list for PBXProject "Construct Max Numbers [hw]" */;
			compatibilityVersion = "Xcode 3.2";
			developmentRegion = English;
			hasScannedForEncodings = 0;
			knownRegions = (
				en,
			);
			mainGroup = FD6D5D9C1CB8D3A40011C2FC;
			productRefGroup = FD6D5DA61CB8D3A40011C2FC /* Products */;
			projectDirPath = "";
			projectRoot = "";
			targets = (
				FD6D5DA41CB8D3A40011C2FC /* Construct Max Numbers [hw] */,
			);
		};
/* End PBXProject section */

/* Begin PBXSourcesBuildPhase section */
		FD6D5DA11CB8D3A40011C2FC /* Sources */ = {
			isa = PBXSourcesBuildPhase;
			buildActionMask = 2147483647;
			files = (
				FD6D5DA91CB8D3A40011C2FC /* main.cpp in Sources */,
			);
			runOnlyForDeploymentPostprocessing = 0;
		};
/* End PBXSourcesBuildPhase section */

/* Begin XCBuildConfiguration section */
		FD6D5DAA1CB8D3A40011C2FC /* Debug */ = {
			isa = XCBuildConfiguration;
			buildSettings = {
				ALWAYS_SEARCH_USER_PATHS = NO;
				CLANG_ANALYZER_NONNULL = YES;
				CLANG_CXX_LANGUAGE_STANDARD = "gnu++0x";
				CLANG_CXX_LIBRARY = "libc++";
				CLANG_ENABLE_MODULES = YES;
				CLANG_ENABLE_OBJC_ARC = YES;
				CLANG_WARN_BOOL_CONVERSION = YES;
				CLANG_WARN_CONSTANT_CONVERSION = YES;
				CLANG_WARN_DIRECT_OBJC_ISA_USAGE = YES_ERROR;
				CLANG_WARN_EMPTY_BODY = YES;
				CLANG_WARN_ENUM_CONVERSION = YES;
				CLANG_WARN_INT_CONVERSION = YES;
				CLANG_WARN_OBJC_ROOT_CLASS = YES_ERROR;
				CLANG_WARN_UNREACHABLE_CODE = YES;
				CLANG_WARN__DUPLICATE_METHOD_MATCH = YES;
				CODE_SIGN_IDENTITY = "-";
				COPY_PHASE_STRIP = NO;
				DEBUG_INFORMATION_FORMAT = dwarf;
				ENABLE_STRICT_OBJC_MSGSEND = YES;
				ENABLE_TESTABILITY = YES;
				GCC_C_LANGUAGE_STANDARD = gnu99;
				GCC_DYNAMIC_NO_PIC = NO;
				GCC_NO_COMMON_BLOCKS = YES;
				GCC_OPTIMIZATION_LEVEL = 0;
				GCC_PREPROCESSOR_DEFINITIONS = (
					"DEBUG=1",
					"$(inherited)",
				);
				GCC_WARN_64_TO_32_BIT_CONVERSION = YES;
				GCC_WARN_ABOUT_RETURN_TYPE = YES_ERROR;
				GCC_WARN_UNDECLARED_SELECTOR = YES;
				GCC_WARN_UNINITIALIZED_AUTOS = YES_AGGRESSIVE;
				GCC_WARN_UNUSED_FUNCTION = YES;
				GCC_WARN_UNUSED_VARIABLE = YES;
				MACOSX_DEPLOYMENT_TARGET = 10.11;
				MTL_ENABLE_DEBUG_INFO = YES;
				ONLY_ACTIVE_ARCH = YES;
				SDKROOT = macosx;
			};
			name = Debug;
		};
		FD6D5DAB1CB8D3A40011C2FC /* Release */ = {
			isa = XCBuildConfiguration;
			buildSettings = {
				ALWAYS_SEARCH_USER_PATHS = NO;
				CLANG_ANALYZER_NONNULL = YES;
				CLANG_CXX_LANGUAGE_STANDARD = "gnu++0x";
				CLANG_CXX_LIBRARY = "libc++";
				CLANG_ENABLE_MODULES = YES;
				CLANG_ENABLE_OBJC_ARC = YES;
				CLANG_WARN_BOOL_CONVERSION = YES;
				CLANG_WARN_CONSTANT_CONVERSION = YES;
				CLANG_WARN_DIRECT_OBJC_ISA_USAGE = YES_ERROR;
				CLANG_WARN_EMPTY_BODY = YES;
				CLANG_WARN_ENUM_CONVERSION = YES;
				CLANG_WARN_INT_CONVERSION = YES;
				CLANG_WARN_OBJC_ROOT_CLASS = YES_ERROR;
				CLANG_WARN_UNREACHABLE_CODE = YES;
				CLANG_WARN__DUPLICATE_METHOD_MATCH = YES;
				CODE_SIGN_IDENTITY = "-";
				COPY_PHASE_STRIP = NO;
				DEBUG_INFORMATION_FORMAT = "dwarf-with-dsym";
				ENABLE_NS_ASSERTIONS = NO;
				ENABLE_STRICT_OBJC_MSGSEND = YES;
				GCC_C_LANGUAGE_STANDARD = gnu99;
				GCC_NO_COMMON_BLOCKS = YES;
				GCC_WARN_64_TO_32_BIT_CONVERSION = YES;
				GCC_WARN_ABOUT_RETURN_TYPE = YES_ERROR;
				GCC_WARN_UNDECLARED_SELECTOR = YES;
				GCC_WARN_UNINITIALIZED_AUTOS = YES_AGGRESSIVE;
				GCC_WARN_UNUSED_FUNCTION = YES;
				GCC_WARN_UNUSED_VARIABLE = YES;
				MACOSX_DEPLOYMENT_TARGET = 10.11;
				MTL_ENABLE_DEBUG_INFO = NO;
				SDKROOT = macosx;
			};
			name = Release;
		};
		FD6D5DAD1CB8D3A40011C2FC /* Debug */ = {
			isa = XCBuildConfiguration;
			buildSettings = {
				PRODUCT_NAME = "$(TARGET_NAME)";
			};
			name = Debug;
		};
		FD6D5DAE1CB8D3A40011C2FC /* Release */ = {
			isa = XCBuildConfiguration;
			buildSettings = {
				PRODUCT_NAME = "$(TARGET_NAME)";
			};
			name = Release;
		};
/* End XCBuildConfiguration section */

/* Begin XCConfigurationList section */
		FD6D5DA01CB8D3A40011C2FC /* Build configuration list for PBXProject "Construct Max Numbers [hw]" */ = {
			isa = XCConfigurationList;
			buildConfigurations = (
				FD6D5DAA1CB8D3A40011C2FC /* Debug */,
				FD6D5DAB1CB8D3A40011C2FC /* Release */,
			);
			defaultConfigurationIsVisible = 0;
			defaultConfigurationName = Release;
		};
		FD6D5DAC1CB8D3A40011C2FC /* Build configuration list for PBXNativeTarget "Construct Max Numbers [hw]" */ = {
			isa = XCConfigurationList;
			buildConfigurations = (
				FD6D5DAD1CB8D3A40011C2FC /* Debug */,
				FD6D5DAE1CB8D3A40011C2FC /* Release */,
			);
			defaultConfigurationIsVisible = 0;
		};
/* End XCConfigurationList section */
	};
	rootObject = FD6D5D9D1CB8D3A40011C2FC /* Project object */;
}
