// !$*UTF8*$!
{
	archiveVersion = 1;
	classes = {
	};
	objectVersion = 46;
	objects = {

/* Begin PBXBuildFile section */
		FD6E3AC51C1550F2001122F1 /* main.c in Sources */ = {isa = PBXBuildFile; fileRef = FD6E3AC41C1550F2001122F1 /* main.c */; };
/* End PBXBuildFile section */

/* Begin PBXCopyFilesBuildPhase section */
		FD6E3ABF1C1550F2001122F1 /* CopyFiles */ = {
			isa = PBXCopyFilesBuildPhase;
			buildActionMask = 2147483647;
			dstPath = /usr/share/man/man1/;
			dstSubfolderSpec = 0;
			files = (
			);
			runOnlyForDeploymentPostprocessing = 1;
		};
/* End PBXCopyFilesBuildPhase section */

/* Begin PBXFileReference section */
		FD6E3AC11C1550F2001122F1 /* 完全二叉树 */ = {isa = PBXFileReference; explicitFileType = "compiled.mach-o.executable"; includeInIndex = 0; path = "完全二叉树"; sourceTree = BUILT_PRODUCTS_DIR; };
		FD6E3AC41C1550F2001122F1 /* main.c */ = {isa = PBXFileReference; lastKnownFileType = sourcecode.c.c; path = main.c; sourceTree = "<group>"; };
		FD6E3ACB1C15514F001122F1 /* DFS.h */ = {isa = PBXFileReference; lastKnownFileType = sourcecode.c.h; path = DFS.h; sourceTree = "<group>"; };
/* End PBXFileReference section */

/* Begin PBXFrameworksBuildPhase section */
		FD6E3ABE1C1550F2001122F1 /* Frameworks */ = {
			isa = PBXFrameworksBuildPhase;
			buildActionMask = 2147483647;
			files = (
			);
			runOnlyForDeploymentPostprocessing = 0;
		};
/* End PBXFrameworksBuildPhase section */

/* Begin PBXGroup section */
		FD6E3AB81C1550F2001122F1 = {
			isa = PBXGroup;
			children = (
				FD6E3AC31C1550F2001122F1 /* 完全二叉树 */,
				FD6E3AC21C1550F2001122F1 /* Products */,
			);
			sourceTree = "<group>";
		};
		FD6E3AC21C1550F2001122F1 /* Products */ = {
			isa = PBXGroup;
			children = (
				FD6E3AC11C1550F2001122F1 /* 完全二叉树 */,
			);
			name = Products;
			sourceTree = "<group>";
		};
		FD6E3AC31C1550F2001122F1 /* 完全二叉树 */ = {
			isa = PBXGroup;
			children = (
				FD6E3AC41C1550F2001122F1 /* main.c */,
				FD6E3ACB1C15514F001122F1 /* DFS.h */,
			);
			path = "完全二叉树";
			sourceTree = "<group>";
		};
/* End PBXGroup section */

/* Begin PBXNativeTarget section */
		FD6E3AC01C1550F2001122F1 /* 完全二叉树 */ = {
			isa = PBXNativeTarget;
			buildConfigurationList = FD6E3AC81C1550F2001122F1 /* Build configuration list for PBXNativeTarget "完全二叉树" */;
			buildPhases = (
				FD6E3ABD1C1550F2001122F1 /* Sources */,
				FD6E3ABE1C1550F2001122F1 /* Frameworks */,
				FD6E3ABF1C1550F2001122F1 /* CopyFiles */,
			);
			buildRules = (
			);
			dependencies = (
			);
			name = "完全二叉树";
			productName = "完全二叉树";
			productReference = FD6E3AC11C1550F2001122F1 /* 完全二叉树 */;
			productType = "com.apple.product-type.tool";
		};
/* End PBXNativeTarget section */

/* Begin PBXProject section */
		FD6E3AB91C1550F2001122F1 /* Project object */ = {
			isa = PBXProject;
			attributes = {
				LastUpgradeCheck = 0640;
				ORGANIZATIONNAME = "邱兆丰";
				TargetAttributes = {
					FD6E3AC01C1550F2001122F1 = {
						CreatedOnToolsVersion = 6.4;
					};
				};
			};
			buildConfigurationList = FD6E3ABC1C1550F2001122F1 /* Build configuration list for PBXProject "完全二叉树" */;
			compatibilityVersion = "Xcode 3.2";
			developmentRegion = English;
			hasScannedForEncodings = 0;
			knownRegions = (
				en,
			);
			mainGroup = FD6E3AB81C1550F2001122F1;
			productRefGroup = FD6E3AC21C1550F2001122F1 /* Products */;
			projectDirPath = "";
			projectRoot = "";
			targets = (
				FD6E3AC01C1550F2001122F1 /* 完全二叉树 */,
			);
		};
/* End PBXProject section */

/* Begin PBXSourcesBuildPhase section */
		FD6E3ABD1C1550F2001122F1 /* Sources */ = {
			isa = PBXSourcesBuildPhase;
			buildActionMask = 2147483647;
			files = (
				FD6E3AC51C1550F2001122F1 /* main.c in Sources */,
			);
			runOnlyForDeploymentPostprocessing = 0;
		};
/* End PBXSourcesBuildPhase section */

/* Begin XCBuildConfiguration section */
		FD6E3AC61C1550F2001122F1 /* Debug */ = {
			isa = XCBuildConfiguration;
			buildSettings = {
				ALWAYS_SEARCH_USER_PATHS = NO;
				CLANG_CXX_LANGUAGE_STANDARD = "gnu++0x";
				CLANG_CXX_LIBRARY = "libc++";
				CLANG_ENABLE_MODULES = YES;
				CLANG_ENABLE_OBJC_ARC = YES;
				CLANG_WARN_BOOL_CONVERSION = YES;
				CLANG_WARN_CONSTANT_CONVERSION = YES;
				CLANG_WARN_DIRECT_OBJC_ISA_USAGE = YES_ERROR;
				CLANG_WARN_EMPTY_BODY = YES;
				CLANG_WARN_ENUM_CONVERSION = YES;
				CLANG_WARN_INT_CONVERSION = YES;
				CLANG_WARN_OBJC_ROOT_CLASS = YES_ERROR;
				CLANG_WARN_UNREACHABLE_CODE = YES;
				CLANG_WARN__DUPLICATE_METHOD_MATCH = YES;
				COPY_PHASE_STRIP = NO;
				DEBUG_INFORMATION_FORMAT = dwarf;
				ENABLE_STRICT_OBJC_MSGSEND = YES;
				GCC_C_LANGUAGE_STANDARD = gnu99;
				GCC_DYNAMIC_NO_PIC = NO;
				GCC_NO_COMMON_BLOCKS = YES;
				GCC_OPTIMIZATION_LEVEL = 0;
				GCC_PREPROCESSOR_DEFINITIONS = (
					"DEBUG=1",
					"$(inherited)",
				);
				GCC_SYMBOLS_PRIVATE_EXTERN = NO;
				GCC_WARN_64_TO_32_BIT_CONVERSION = YES;
				GCC_WARN_ABOUT_RETURN_TYPE = YES_ERROR;
				GCC_WARN_UNDECLARED_SELECTOR = YES;
				GCC_WARN_UNINITIALIZED_AUTOS = YES_AGGRESSIVE;
				GCC_WARN_UNUSED_FUNCTION = YES;
				GCC_WARN_UNUSED_VARIABLE = YES;
				MACOSX_DEPLOYMENT_TARGET = 10.11;
				MTL_ENABLE_DEBUG_INFO = YES;
				ONLY_ACTIVE_ARCH = YES;
				SDKROOT = macosx;
			};
			name = Debug;
		};
		FD6E3AC71C1550F2001122F1 /* Release */ = {
			isa = XCBuildConfiguration;
			buildSettings = {
				ALWAYS_SEARCH_USER_PATHS = NO;
				CLANG_CXX_LANGUAGE_STANDARD = "gnu++0x";
				CLANG_CXX_LIBRARY = "libc++";
				CLANG_ENABLE_MODULES = YES;
				CLANG_ENABLE_OBJC_ARC = YES;
				CLANG_WARN_BOOL_CONVERSION = YES;
				CLANG_WARN_CONSTANT_CONVERSION = YES;
				CLANG_WARN_DIRECT_OBJC_ISA_USAGE = YES_ERROR;
				CLANG_WARN_EMPTY_BODY = YES;
				CLANG_WARN_ENUM_CONVERSION = YES;
				CLANG_WARN_INT_CONVERSION = YES;
				CLANG_WARN_OBJC_ROOT_CLASS = YES_ERROR;
				CLANG_WARN_UNREACHABLE_CODE = YES;
				CLANG_WARN__DUPLICATE_METHOD_MATCH = YES;
				COPY_PHASE_STRIP = NO;
				DEBUG_INFORMATION_FORMAT = "dwarf-with-dsym";
				ENABLE_NS_ASSERTIONS = NO;
				ENABLE_STRICT_OBJC_MSGSEND = YES;
				GCC_C_LANGUAGE_STANDARD = gnu99;
				GCC_NO_COMMON_BLOCKS = YES;
				GCC_WARN_64_TO_32_BIT_CONVERSION = YES;
				GCC_WARN_ABOUT_RETURN_TYPE = YES_ERROR;
				GCC_WARN_UNDECLARED_SELECTOR = YES;
				GCC_WARN_UNINITIALIZED_AUTOS = YES_AGGRESSIVE;
				GCC_WARN_UNUSED_FUNCTION = YES;
				GCC_WARN_UNUSED_VARIABLE = YES;
				MACOSX_DEPLOYMENT_TARGET = 10.11;
				MTL_ENABLE_DEBUG_INFO = NO;
				SDKROOT = macosx;
			};
			name = Release;
		};
		FD6E3AC91C1550F2001122F1 /* Debug */ = {
			isa = XCBuildConfiguration;
			buildSettings = {
				PRODUCT_NAME = "$(TARGET_NAME)";
			};
			name = Debug;
		};
		FD6E3ACA1C1550F2001122F1 /* Release */ = {
			isa = XCBuildConfiguration;
			buildSettings = {
				PRODUCT_NAME = "$(TARGET_NAME)";
			};
			name = Release;
		};
/* End XCBuildConfiguration section */

/* Begin XCConfigurationList section */
		FD6E3ABC1C1550F2001122F1 /* Build configuration list for PBXProject "完全二叉树" */ = {
			isa = XCConfigurationList;
			buildConfigurations = (
				FD6E3AC61C1550F2001122F1 /* Debug */,
				FD6E3AC71C1550F2001122F1 /* Release */,
			);
			defaultConfigurationIsVisible = 0;
			defaultConfigurationName = Release;
		};
		FD6E3AC81C1550F2001122F1 /* Build configuration list for PBXNativeTarget "完全二叉树" */ = {
			isa = XCConfigurationList;
			buildConfigurations = (
				FD6E3AC91C1550F2001122F1 /* Debug */,
				FD6E3ACA1C1550F2001122F1 /* Release */,
			);
			defaultConfigurationIsVisible = 0;
		};
/* End XCConfigurationList section */
	};
	rootObject = FD6E3AB91C1550F2001122F1 /* Project object */;
}
