// !$*UTF8*$!
{
	archiveVersion = 1;
	classes = {
	};
	objectVersion = 46;
	objects = {

/* Begin PBXBuildFile section */
		FD94F53F1CAE5C43009A2FAD /* main.cpp in Sources */ = {isa = PBXBuildFile; fileRef = FD94F53E1CAE5C43009A2FAD /* main.cpp */; };
/* End PBXBuildFile section */

/* Begin PBXCopyFilesBuildPhase section */
		FD94F5391CAE5C43009A2FAD /* CopyFiles */ = {
			isa = PBXCopyFilesBuildPhase;
			buildActionMask = 2147483647;
			dstPath = /usr/share/man/man1/;
			dstSubfolderSpec = 0;
			files = (
			);
			runOnlyForDeploymentPostprocessing = 1;
		};
/* End PBXCopyFilesBuildPhase section */

/* Begin PBXFileReference section */
		FD94F53B1CAE5C43009A2FAD /* Airplane */ = {isa = PBXFileReference; explicitFileType = "compiled.mach-o.executable"; includeInIndex = 0; path = Airplane; sourceTree = BUILT_PRODUCTS_DIR; };
		FD94F53E1CAE5C43009A2FAD /* main.cpp */ = {isa = PBXFileReference; lastKnownFileType = sourcecode.cpp.cpp; path = main.cpp; sourceTree = "<group>"; };
		FD94F5451CAE5C5E009A2FAD /* airplane.h */ = {isa = PBXFileReference; lastKnownFileType = sourcecode.c.h; path = airplane.h; sourceTree = "<group>"; };
/* End PBXFileReference section */

/* Begin PBXFrameworksBuildPhase section */
		FD94F5381CAE5C43009A2FAD /* Frameworks */ = {
			isa = PBXFrameworksBuildPhase;
			buildActionMask = 2147483647;
			files = (
			);
			runOnlyForDeploymentPostprocessing = 0;
		};
/* End PBXFrameworksBuildPhase section */

/* Begin PBXGroup section */
		FD94F5321CAE5C43009A2FAD = {
			isa = PBXGroup;
			children = (
				FD94F53D1CAE5C43009A2FAD /* Airplane */,
				FD94F53C1CAE5C43009A2FAD /* Products */,
			);
			sourceTree = "<group>";
		};
		FD94F53C1CAE5C43009A2FAD /* Products */ = {
			isa = PBXGroup;
			children = (
				FD94F53B1CAE5C43009A2FAD /* Airplane */,
			);
			name = Products;
			sourceTree = "<group>";
		};
		FD94F53D1CAE5C43009A2FAD /* Airplane */ = {
			isa = PBXGroup;
			children = (
				FD94F53E1CAE5C43009A2FAD /* main.cpp */,
				FD94F5451CAE5C5E009A2FAD /* airplane.h */,
			);
			path = Airplane;
			sourceTree = "<group>";
		};
/* End PBXGroup section */

/* Begin PBXNativeTarget section */
		FD94F53A1CAE5C43009A2FAD /* Airplane */ = {
			isa = PBXNativeTarget;
			buildConfigurationList = FD94F5421CAE5C43009A2FAD /* Build configuration list for PBXNativeTarget "Airplane" */;
			buildPhases = (
				FD94F5371CAE5C43009A2FAD /* Sources */,
				FD94F5381CAE5C43009A2FAD /* Frameworks */,
				FD94F5391CAE5C43009A2FAD /* CopyFiles */,
			);
			buildRules = (
			);
			dependencies = (
			);
			name = Airplane;
			productName = Airplane;
			productReference = FD94F53B1CAE5C43009A2FAD /* Airplane */;
			productType = "com.apple.product-type.tool";
		};
/* End PBXNativeTarget section */

/* Begin PBXProject section */
		FD94F5331CAE5C43009A2FAD /* Project object */ = {
			isa = PBXProject;
			attributes = {
				LastUpgradeCheck = 0730;
				ORGANIZATIONNAME = "邱兆丰";
				TargetAttributes = {
					FD94F53A1CAE5C43009A2FAD = {
						CreatedOnToolsVersion = 7.3;
					};
				};
			};
			buildConfigurationList = FD94F5361CAE5C43009A2FAD /* Build configuration list for PBXProject "Airplane" */;
			compatibilityVersion = "Xcode 3.2";
			developmentRegion = English;
			hasScannedForEncodings = 0;
			knownRegions = (
				en,
			);
			mainGroup = FD94F5321CAE5C43009A2FAD;
			productRefGroup = FD94F53C1CAE5C43009A2FAD /* Products */;
			projectDirPath = "";
			projectRoot = "";
			targets = (
				FD94F53A1CAE5C43009A2FAD /* Airplane */,
			);
		};
/* End PBXProject section */

/* Begin PBXSourcesBuildPhase section */
		FD94F5371CAE5C43009A2FAD /* Sources */ = {
			isa = PBXSourcesBuildPhase;
			buildActionMask = 2147483647;
			files = (
				FD94F53F1CAE5C43009A2FAD /* main.cpp in Sources */,
			);
			runOnlyForDeploymentPostprocessing = 0;
		};
/* End PBXSourcesBuildPhase section */

/* Begin XCBuildConfiguration section */
		FD94F5401CAE5C43009A2FAD /* Debug */ = {
			isa = XCBuildConfiguration;
			buildSettings = {
				ALWAYS_SEARCH_USER_PATHS = NO;
				CLANG_ANALYZER_NONNULL = YES;
				CLANG_CXX_LANGUAGE_STANDARD = "gnu++0x";
				CLANG_CXX_LIBRARY = "libc++";
				CLANG_ENABLE_MODULES = YES;
				CLANG_ENABLE_OBJC_ARC = YES;
				CLANG_WARN_BOOL_CONVERSION = YES;
				CLANG_WARN_CONSTANT_CONVERSION = YES;
				CLANG_WARN_DIRECT_OBJC_ISA_USAGE = YES_ERROR;
				CLANG_WARN_EMPTY_BODY = YES;
				CLANG_WARN_ENUM_CONVERSION = YES;
				CLANG_WARN_INT_CONVERSION = YES;
				CLANG_WARN_OBJC_ROOT_CLASS = YES_ERROR;
				CLANG_WARN_UNREACHABLE_CODE = YES;
				CLANG_WARN__DUPLICATE_METHOD_MATCH = YES;
				CODE_SIGN_IDENTITY = "-";
				COPY_PHASE_STRIP = NO;
				DEBUG_INFORMATION_FORMAT = dwarf;
				ENABLE_STRICT_OBJC_MSGSEND = YES;
				ENABLE_TESTABILITY = YES;
				GCC_C_LANGUAGE_STANDARD = gnu99;
				GCC_DYNAMIC_NO_PIC = NO;
				GCC_NO_COMMON_BLOCKS = YES;
				GCC_OPTIMIZATION_LEVEL = 0;
				GCC_PREPROCESSOR_DEFINITIONS = (
					"DEBUG=1",
					"$(inherited)",
				);
				GCC_WARN_64_TO_32_BIT_CONVERSION = YES;
				GCC_WARN_ABOUT_RETURN_TYPE = YES_ERROR;
				GCC_WARN_UNDECLARED_SELECTOR = YES;
				GCC_WARN_UNINITIALIZED_AUTOS = YES_AGGRESSIVE;
				GCC_WARN_UNUSED_FUNCTION = YES;
				GCC_WARN_UNUSED_VARIABLE = YES;
				MACOSX_DEPLOYMENT_TARGET = 10.11;
				MTL_ENABLE_DEBUG_INFO = YES;
				ONLY_ACTIVE_ARCH = YES;
				SDKROOT = macosx;
			};
			name = Debug;
		};
		FD94F5411CAE5C43009A2FAD /* Release */ = {
			isa = XCBuildConfiguration;
			buildSettings = {
				ALWAYS_SEARCH_USER_PATHS = NO;
				CLANG_ANALYZER_NONNULL = YES;
				CLANG_CXX_LANGUAGE_STANDARD = "gnu++0x";
				CLANG_CXX_LIBRARY = "libc++";
				CLANG_ENABLE_MODULES = YES;
				CLANG_ENABLE_OBJC_ARC = YES;
				CLANG_WARN_BOOL_CONVERSION = YES;
				CLANG_WARN_CONSTANT_CONVERSION = YES;
				CLANG_WARN_DIRECT_OBJC_ISA_USAGE = YES_ERROR;
				CLANG_WARN_EMPTY_BODY = YES;
				CLANG_WARN_ENUM_CONVERSION = YES;
				CLANG_WARN_INT_CONVERSION = YES;
				CLANG_WARN_OBJC_ROOT_CLASS = YES_ERROR;
				CLANG_WARN_UNREACHABLE_CODE = YES;
				CLANG_WARN__DUPLICATE_METHOD_MATCH = YES;
				CODE_SIGN_IDENTITY = "-";
				COPY_PHASE_STRIP = NO;
				DEBUG_INFORMATION_FORMAT = "dwarf-with-dsym";
				ENABLE_NS_ASSERTIONS = NO;
				ENABLE_STRICT_OBJC_MSGSEND = YES;
				GCC_C_LANGUAGE_STANDARD = gnu99;
				GCC_NO_COMMON_BLOCKS = YES;
				GCC_WARN_64_TO_32_BIT_CONVERSION = YES;
				GCC_WARN_ABOUT_RETURN_TYPE = YES_ERROR;
				GCC_WARN_UNDECLARED_SELECTOR = YES;
				GCC_WARN_UNINITIALIZED_AUTOS = YES_AGGRESSIVE;
				GCC_WARN_UNUSED_FUNCTION = YES;
				GCC_WARN_UNUSED_VARIABLE = YES;
				MACOSX_DEPLOYMENT_TARGET = 10.11;
				MTL_ENABLE_DEBUG_INFO = NO;
				SDKROOT = macosx;
			};
			name = Release;
		};
		FD94F5431CAE5C43009A2FAD /* Debug */ = {
			isa = XCBuildConfiguration;
			buildSettings = {
				PRODUCT_NAME = "$(TARGET_NAME)";
			};
			name = Debug;
		};
		FD94F5441CAE5C43009A2FAD /* Release */ = {
			isa = XCBuildConfiguration;
			buildSettings = {
				PRODUCT_NAME = "$(TARGET_NAME)";
			};
			name = Release;
		};
/* End XCBuildConfiguration section */

/* Begin XCConfigurationList section */
		FD94F5361CAE5C43009A2FAD /* Build configuration list for PBXProject "Airplane" */ = {
			isa = XCConfigurationList;
			buildConfigurations = (
				FD94F5401CAE5C43009A2FAD /* Debug */,
				FD94F5411CAE5C43009A2FAD /* Release */,
			);
			defaultConfigurationIsVisible = 0;
			defaultConfigurationName = Release;
		};
		FD94F5421CAE5C43009A2FAD /* Build configuration list for PBXNativeTarget "Airplane" */ = {
			isa = XCConfigurationList;
			buildConfigurations = (
				FD94F5431CAE5C43009A2FAD /* Debug */,
				FD94F5441CAE5C43009A2FAD /* Release */,
			);
			defaultConfigurationIsVisible = 0;
		};
/* End XCConfigurationList section */
	};
	rootObject = FD94F5331CAE5C43009A2FAD /* Project object */;
}
