// !$*UTF8*$!
{
	archiveVersion = 1;
	classes = {
	};
	objectVersion = 46;
	objects = {

/* Begin PBXBuildFile section */
		FD10B2A01CABD40E00CC7E15 /* main.cpp in Sources */ = {isa = PBXBuildFile; fileRef = FD10B29F1CABD40E00CC7E15 /* main.cpp */; };
		FD10B2A81CABD43900CC7E15 /* String.cpp in Sources */ = {isa = PBXBuildFile; fileRef = FD10B2A61CABD43900CC7E15 /* String.cpp */; };
/* End PBXBuildFile section */

/* Begin PBXCopyFilesBuildPhase section */
		FD10B29A1CABD40E00CC7E15 /* CopyFiles */ = {
			isa = PBXCopyFilesBuildPhase;
			buildActionMask = 2147483647;
			dstPath = /usr/share/man/man1/;
			dstSubfolderSpec = 0;
			files = (
			);
			runOnlyForDeploymentPostprocessing = 1;
		};
/* End PBXCopyFilesBuildPhase section */

/* Begin PBXFileReference section */
		FD10B29C1CABD40E00CC7E15 /* simulate std string */ = {isa = PBXFileReference; explicitFileType = "compiled.mach-o.executable"; includeInIndex = 0; path = "simulate std string"; sourceTree = BUILT_PRODUCTS_DIR; };
		FD10B29F1CABD40E00CC7E15 /* main.cpp */ = {isa = PBXFileReference; lastKnownFileType = sourcecode.cpp.cpp; path = main.cpp; sourceTree = "<group>"; };
		FD10B2A61CABD43900CC7E15 /* String.cpp */ = {isa = PBXFileReference; fileEncoding = 4; lastKnownFileType = sourcecode.cpp.cpp; path = String.cpp; sourceTree = "<group>"; };
		FD10B2A71CABD43900CC7E15 /* String.h */ = {isa = PBXFileReference; fileEncoding = 4; lastKnownFileType = sourcecode.c.h; path = String.h; sourceTree = "<group>"; };
/* End PBXFileReference section */

/* Begin PBXFrameworksBuildPhase section */
		FD10B2991CABD40E00CC7E15 /* Frameworks */ = {
			isa = PBXFrameworksBuildPhase;
			buildActionMask = 2147483647;
			files = (
			);
			runOnlyForDeploymentPostprocessing = 0;
		};
/* End PBXFrameworksBuildPhase section */

/* Begin PBXGroup section */
		FD10B2931CABD40E00CC7E15 = {
			isa = PBXGroup;
			children = (
				FD10B29E1CABD40E00CC7E15 /* simulate std string */,
				FD10B29D1CABD40E00CC7E15 /* Products */,
			);
			sourceTree = "<group>";
		};
		FD10B29D1CABD40E00CC7E15 /* Products */ = {
			isa = PBXGroup;
			children = (
				FD10B29C1CABD40E00CC7E15 /* simulate std string */,
			);
			name = Products;
			sourceTree = "<group>";
		};
		FD10B29E1CABD40E00CC7E15 /* simulate std string */ = {
			isa = PBXGroup;
			children = (
				FD10B29F1CABD40E00CC7E15 /* main.cpp */,
				FD10B2A61CABD43900CC7E15 /* String.cpp */,
				FD10B2A71CABD43900CC7E15 /* String.h */,
			);
			path = "simulate std string";
			sourceTree = "<group>";
		};
/* End PBXGroup section */

/* Begin PBXNativeTarget section */
		FD10B29B1CABD40E00CC7E15 /* simulate std string */ = {
			isa = PBXNativeTarget;
			buildConfigurationList = FD10B2A31CABD40E00CC7E15 /* Build configuration list for PBXNativeTarget "simulate std string" */;
			buildPhases = (
				FD10B2981CABD40E00CC7E15 /* Sources */,
				FD10B2991CABD40E00CC7E15 /* Frameworks */,
				FD10B29A1CABD40E00CC7E15 /* CopyFiles */,
			);
			buildRules = (
			);
			dependencies = (
			);
			name = "simulate std string";
			productName = "simulate std string";
			productReference = FD10B29C1CABD40E00CC7E15 /* simulate std string */;
			productType = "com.apple.product-type.tool";
		};
/* End PBXNativeTarget section */

/* Begin PBXProject section */
		FD10B2941CABD40E00CC7E15 /* Project object */ = {
			isa = PBXProject;
			attributes = {
				LastUpgradeCheck = 0730;
				ORGANIZATIONNAME = "邱兆丰";
				TargetAttributes = {
					FD10B29B1CABD40E00CC7E15 = {
						CreatedOnToolsVersion = 7.3;
					};
				};
			};
			buildConfigurationList = FD10B2971CABD40E00CC7E15 /* Build configuration list for PBXProject "simulate std string" */;
			compatibilityVersion = "Xcode 3.2";
			developmentRegion = English;
			hasScannedForEncodings = 0;
			knownRegions = (
				en,
			);
			mainGroup = FD10B2931CABD40E00CC7E15;
			productRefGroup = FD10B29D1CABD40E00CC7E15 /* Products */;
			projectDirPath = "";
			projectRoot = "";
			targets = (
				FD10B29B1CABD40E00CC7E15 /* simulate std string */,
			);
		};
/* End PBXProject section */

/* Begin PBXSourcesBuildPhase section */
		FD10B2981CABD40E00CC7E15 /* Sources */ = {
			isa = PBXSourcesBuildPhase;
			buildActionMask = 2147483647;
			files = (
				FD10B2A81CABD43900CC7E15 /* String.cpp in Sources */,
				FD10B2A01CABD40E00CC7E15 /* main.cpp in Sources */,
			);
			runOnlyForDeploymentPostprocessing = 0;
		};
/* End PBXSourcesBuildPhase section */

/* Begin XCBuildConfiguration section */
		FD10B2A11CABD40E00CC7E15 /* Debug */ = {
			isa = XCBuildConfiguration;
			buildSettings = {
				ALWAYS_SEARCH_USER_PATHS = NO;
				CLANG_ANALYZER_NONNULL = YES;
				CLANG_CXX_LANGUAGE_STANDARD = "gnu++0x";
				CLANG_CXX_LIBRARY = "libc++";
				CLANG_ENABLE_MODULES = YES;
				CLANG_ENABLE_OBJC_ARC = YES;
				CLANG_WARN_BOOL_CONVERSION = YES;
				CLANG_WARN_CONSTANT_CONVERSION = YES;
				CLANG_WARN_DIRECT_OBJC_ISA_USAGE = YES_ERROR;
				CLANG_WARN_EMPTY_BODY = YES;
				CLANG_WARN_ENUM_CONVERSION = YES;
				CLANG_WARN_INT_CONVERSION = YES;
				CLANG_WARN_OBJC_ROOT_CLASS = YES_ERROR;
				CLANG_WARN_UNREACHABLE_CODE = YES;
				CLANG_WARN__DUPLICATE_METHOD_MATCH = YES;
				CODE_SIGN_IDENTITY = "-";
				COPY_PHASE_STRIP = NO;
				DEBUG_INFORMATION_FORMAT = dwarf;
				ENABLE_STRICT_OBJC_MSGSEND = YES;
				ENABLE_TESTABILITY = YES;
				GCC_C_LANGUAGE_STANDARD = gnu99;
				GCC_DYNAMIC_NO_PIC = NO;
				GCC_NO_COMMON_BLOCKS = YES;
				GCC_OPTIMIZATION_LEVEL = 0;
				GCC_PREPROCESSOR_DEFINITIONS = (
					"DEBUG=1",
					"$(inherited)",
				);
				GCC_WARN_64_TO_32_BIT_CONVERSION = YES;
				GCC_WARN_ABOUT_RETURN_TYPE = YES_ERROR;
				GCC_WARN_UNDECLARED_SELECTOR = YES;
				GCC_WARN_UNINITIALIZED_AUTOS = YES_AGGRESSIVE;
				GCC_WARN_UNUSED_FUNCTION = YES;
				GCC_WARN_UNUSED_VARIABLE = YES;
				MACOSX_DEPLOYMENT_TARGET = 10.11;
				MTL_ENABLE_DEBUG_INFO = YES;
				ONLY_ACTIVE_ARCH = YES;
				SDKROOT = macosx;
			};
			name = Debug;
		};
		FD10B2A21CABD40E00CC7E15 /* Release */ = {
			isa = XCBuildConfiguration;
			buildSettings = {
				ALWAYS_SEARCH_USER_PATHS = NO;
				CLANG_ANALYZER_NONNULL = YES;
				CLANG_CXX_LANGUAGE_STANDARD = "gnu++0x";
				CLANG_CXX_LIBRARY = "libc++";
				CLANG_ENABLE_MODULES = YES;
				CLANG_ENABLE_OBJC_ARC = YES;
				CLANG_WARN_BOOL_CONVERSION = YES;
				CLANG_WARN_CONSTANT_CONVERSION = YES;
				CLANG_WARN_DIRECT_OBJC_ISA_USAGE = YES_ERROR;
				CLANG_WARN_EMPTY_BODY = YES;
				CLANG_WARN_ENUM_CONVERSION = YES;
				CLANG_WARN_INT_CONVERSION = YES;
				CLANG_WARN_OBJC_ROOT_CLASS = YES_ERROR;
				CLANG_WARN_UNREACHABLE_CODE = YES;
				CLANG_WARN__DUPLICATE_METHOD_MATCH = YES;
				CODE_SIGN_IDENTITY = "-";
				COPY_PHASE_STRIP = NO;
				DEBUG_INFORMATION_FORMAT = "dwarf-with-dsym";
				ENABLE_NS_ASSERTIONS = NO;
				ENABLE_STRICT_OBJC_MSGSEND = YES;
				GCC_C_LANGUAGE_STANDARD = gnu99;
				GCC_NO_COMMON_BLOCKS = YES;
				GCC_WARN_64_TO_32_BIT_CONVERSION = YES;
				GCC_WARN_ABOUT_RETURN_TYPE = YES_ERROR;
				GCC_WARN_UNDECLARED_SELECTOR = YES;
				GCC_WARN_UNINITIALIZED_AUTOS = YES_AGGRESSIVE;
				GCC_WARN_UNUSED_FUNCTION = YES;
				GCC_WARN_UNUSED_VARIABLE = YES;
				MACOSX_DEPLOYMENT_TARGET = 10.11;
				MTL_ENABLE_DEBUG_INFO = NO;
				SDKROOT = macosx;
			};
			name = Release;
		};
		FD10B2A41CABD40E00CC7E15 /* Debug */ = {
			isa = XCBuildConfiguration;
			buildSettings = {
				PRODUCT_NAME = "$(TARGET_NAME)";
			};
			name = Debug;
		};
		FD10B2A51CABD40E00CC7E15 /* Release */ = {
			isa = XCBuildConfiguration;
			buildSettings = {
				PRODUCT_NAME = "$(TARGET_NAME)";
			};
			name = Release;
		};
/* End XCBuildConfiguration section */

/* Begin XCConfigurationList section */
		FD10B2971CABD40E00CC7E15 /* Build configuration list for PBXProject "simulate std string" */ = {
			isa = XCConfigurationList;
			buildConfigurations = (
				FD10B2A11CABD40E00CC7E15 /* Debug */,
				FD10B2A21CABD40E00CC7E15 /* Release */,
			);
			defaultConfigurationIsVisible = 0;
			defaultConfigurationName = Release;
		};
		FD10B2A31CABD40E00CC7E15 /* Build configuration list for PBXNativeTarget "simulate std string" */ = {
			isa = XCConfigurationList;
			buildConfigurations = (
				FD10B2A41CABD40E00CC7E15 /* Debug */,
				FD10B2A51CABD40E00CC7E15 /* Release */,
			);
			defaultConfigurationIsVisible = 0;
			defaultConfigurationName = Release;
		};
/* End XCConfigurationList section */
	};
	rootObject = FD10B2941CABD40E00CC7E15 /* Project object */;
}
