// !$*UTF8*$!
{
	archiveVersion = 1;
	classes = {
	};
	objectVersion = 46;
	objects = {

/* Begin PBXBuildFile section */
		FD80AC8A1CD34567004D7780 /* main.cpp in Sources */ = {isa = PBXBuildFile; fileRef = FD80AC891CD34567004D7780 /* main.cpp */; };
/* End PBXBuildFile section */

/* Begin PBXCopyFilesBuildPhase section */
		FD80AC841CD34567004D7780 /* CopyFiles */ = {
			isa = PBXCopyFilesBuildPhase;
			buildActionMask = 2147483647;
			dstPath = /usr/share/man/man1/;
			dstSubfolderSpec = 0;
			files = (
			);
			runOnlyForDeploymentPostprocessing = 1;
		};
/* End PBXCopyFilesBuildPhase section */

/* Begin PBXFileReference section */
		FD80AC861CD34567004D7780 /* Simple Calculator with Exeption Handling */ = {isa = PBXFileReference; explicitFileType = "compiled.mach-o.executable"; includeInIndex = 0; path = "Simple Calculator with Exeption Handling"; sourceTree = BUILT_PRODUCTS_DIR; };
		FD80AC891CD34567004D7780 /* main.cpp */ = {isa = PBXFileReference; lastKnownFileType = sourcecode.cpp.cpp; path = main.cpp; sourceTree = "<group>"; };
		FD80AC901CD34599004D7780 /* Exception.hpp */ = {isa = PBXFileReference; lastKnownFileType = sourcecode.cpp.h; path = Exception.hpp; sourceTree = "<group>"; };
		FD80AC911CD345A7004D7780 /* Calculator.hpp */ = {isa = PBXFileReference; lastKnownFileType = sourcecode.cpp.h; path = Calculator.hpp; sourceTree = "<group>"; };
/* End PBXFileReference section */

/* Begin PBXFrameworksBuildPhase section */
		FD80AC831CD34567004D7780 /* Frameworks */ = {
			isa = PBXFrameworksBuildPhase;
			buildActionMask = 2147483647;
			files = (
			);
			runOnlyForDeploymentPostprocessing = 0;
		};
/* End PBXFrameworksBuildPhase section */

/* Begin PBXGroup section */
		FD80AC7D1CD34567004D7780 = {
			isa = PBXGroup;
			children = (
				FD80AC881CD34567004D7780 /* Simple Calculator with Exeption Handling */,
				FD80AC871CD34567004D7780 /* Products */,
			);
			sourceTree = "<group>";
		};
		FD80AC871CD34567004D7780 /* Products */ = {
			isa = PBXGroup;
			children = (
				FD80AC861CD34567004D7780 /* Simple Calculator with Exeption Handling */,
			);
			name = Products;
			sourceTree = "<group>";
		};
		FD80AC881CD34567004D7780 /* Simple Calculator with Exeption Handling */ = {
			isa = PBXGroup;
			children = (
				FD80AC891CD34567004D7780 /* main.cpp */,
				FD80AC901CD34599004D7780 /* Exception.hpp */,
				FD80AC911CD345A7004D7780 /* Calculator.hpp */,
			);
			path = "Simple Calculator with Exeption Handling";
			sourceTree = "<group>";
		};
/* End PBXGroup section */

/* Begin PBXNativeTarget section */
		FD80AC851CD34567004D7780 /* Simple Calculator with Exeption Handling */ = {
			isa = PBXNativeTarget;
			buildConfigurationList = FD80AC8D1CD34567004D7780 /* Build configuration list for PBXNativeTarget "Simple Calculator with Exeption Handling" */;
			buildPhases = (
				FD80AC821CD34567004D7780 /* Sources */,
				FD80AC831CD34567004D7780 /* Frameworks */,
				FD80AC841CD34567004D7780 /* CopyFiles */,
			);
			buildRules = (
			);
			dependencies = (
			);
			name = "Simple Calculator with Exeption Handling";
			productName = "Simple Calculator with Exeption Handling";
			productReference = FD80AC861CD34567004D7780 /* Simple Calculator with Exeption Handling */;
			productType = "com.apple.product-type.tool";
		};
/* End PBXNativeTarget section */

/* Begin PBXProject section */
		FD80AC7E1CD34567004D7780 /* Project object */ = {
			isa = PBXProject;
			attributes = {
				LastUpgradeCheck = 0730;
				ORGANIZATIONNAME = "菇生";
				TargetAttributes = {
					FD80AC851CD34567004D7780 = {
						CreatedOnToolsVersion = 7.3;
					};
				};
			};
			buildConfigurationList = FD80AC811CD34567004D7780 /* Build configuration list for PBXProject "Simple Calculator with Exeption Handling" */;
			compatibilityVersion = "Xcode 3.2";
			developmentRegion = English;
			hasScannedForEncodings = 0;
			knownRegions = (
				en,
			);
			mainGroup = FD80AC7D1CD34567004D7780;
			productRefGroup = FD80AC871CD34567004D7780 /* Products */;
			projectDirPath = "";
			projectRoot = "";
			targets = (
				FD80AC851CD34567004D7780 /* Simple Calculator with Exeption Handling */,
			);
		};
/* End PBXProject section */

/* Begin PBXSourcesBuildPhase section */
		FD80AC821CD34567004D7780 /* Sources */ = {
			isa = PBXSourcesBuildPhase;
			buildActionMask = 2147483647;
			files = (
				FD80AC8A1CD34567004D7780 /* main.cpp in Sources */,
			);
			runOnlyForDeploymentPostprocessing = 0;
		};
/* End PBXSourcesBuildPhase section */

/* Begin XCBuildConfiguration section */
		FD80AC8B1CD34567004D7780 /* Debug */ = {
			isa = XCBuildConfiguration;
			buildSettings = {
				ALWAYS_SEARCH_USER_PATHS = NO;
				CLANG_ANALYZER_NONNULL = YES;
				CLANG_CXX_LANGUAGE_STANDARD = "gnu++0x";
				CLANG_CXX_LIBRARY = "libc++";
				CLANG_ENABLE_MODULES = YES;
				CLANG_ENABLE_OBJC_ARC = YES;
				CLANG_WARN_BOOL_CONVERSION = YES;
				CLANG_WARN_CONSTANT_CONVERSION = YES;
				CLANG_WARN_DIRECT_OBJC_ISA_USAGE = YES_ERROR;
				CLANG_WARN_EMPTY_BODY = YES;
				CLANG_WARN_ENUM_CONVERSION = YES;
				CLANG_WARN_INT_CONVERSION = YES;
				CLANG_WARN_OBJC_ROOT_CLASS = YES_ERROR;
				CLANG_WARN_UNREACHABLE_CODE = YES;
				CLANG_WARN__DUPLICATE_METHOD_MATCH = YES;
				CODE_SIGN_IDENTITY = "-";
				COPY_PHASE_STRIP = NO;
				DEBUG_INFORMATION_FORMAT = dwarf;
				ENABLE_STRICT_OBJC_MSGSEND = YES;
				ENABLE_TESTABILITY = YES;
				GCC_C_LANGUAGE_STANDARD = gnu99;
				GCC_DYNAMIC_NO_PIC = NO;
				GCC_NO_COMMON_BLOCKS = YES;
				GCC_OPTIMIZATION_LEVEL = 0;
				GCC_PREPROCESSOR_DEFINITIONS = (
					"DEBUG=1",
					"$(inherited)",
				);
				GCC_WARN_64_TO_32_BIT_CONVERSION = YES;
				GCC_WARN_ABOUT_RETURN_TYPE = YES_ERROR;
				GCC_WARN_UNDECLARED_SELECTOR = YES;
				GCC_WARN_UNINITIALIZED_AUTOS = YES_AGGRESSIVE;
				GCC_WARN_UNUSED_FUNCTION = YES;
				GCC_WARN_UNUSED_VARIABLE = YES;
				MACOSX_DEPLOYMENT_TARGET = 10.11;
				MTL_ENABLE_DEBUG_INFO = YES;
				ONLY_ACTIVE_ARCH = YES;
				SDKROOT = macosx;
			};
			name = Debug;
		};
		FD80AC8C1CD34567004D7780 /* Release */ = {
			isa = XCBuildConfiguration;
			buildSettings = {
				ALWAYS_SEARCH_USER_PATHS = NO;
				CLANG_ANALYZER_NONNULL = YES;
				CLANG_CXX_LANGUAGE_STANDARD = "gnu++0x";
				CLANG_CXX_LIBRARY = "libc++";
				CLANG_ENABLE_MODULES = YES;
				CLANG_ENABLE_OBJC_ARC = YES;
				CLANG_WARN_BOOL_CONVERSION = YES;
				CLANG_WARN_CONSTANT_CONVERSION = YES;
				CLANG_WARN_DIRECT_OBJC_ISA_USAGE = YES_ERROR;
				CLANG_WARN_EMPTY_BODY = YES;
				CLANG_WARN_ENUM_CONVERSION = YES;
				CLANG_WARN_INT_CONVERSION = YES;
				CLANG_WARN_OBJC_ROOT_CLASS = YES_ERROR;
				CLANG_WARN_UNREACHABLE_CODE = YES;
				CLANG_WARN__DUPLICATE_METHOD_MATCH = YES;
				CODE_SIGN_IDENTITY = "-";
				COPY_PHASE_STRIP = NO;
				DEBUG_INFORMATION_FORMAT = "dwarf-with-dsym";
				ENABLE_NS_ASSERTIONS = NO;
				ENABLE_STRICT_OBJC_MSGSEND = YES;
				GCC_C_LANGUAGE_STANDARD = gnu99;
				GCC_NO_COMMON_BLOCKS = YES;
				GCC_WARN_64_TO_32_BIT_CONVERSION = YES;
				GCC_WARN_ABOUT_RETURN_TYPE = YES_ERROR;
				GCC_WARN_UNDECLARED_SELECTOR = YES;
				GCC_WARN_UNINITIALIZED_AUTOS = YES_AGGRESSIVE;
				GCC_WARN_UNUSED_FUNCTION = YES;
				GCC_WARN_UNUSED_VARIABLE = YES;
				MACOSX_DEPLOYMENT_TARGET = 10.11;
				MTL_ENABLE_DEBUG_INFO = NO;
				SDKROOT = macosx;
			};
			name = Release;
		};
		FD80AC8E1CD34567004D7780 /* Debug */ = {
			isa = XCBuildConfiguration;
			buildSettings = {
				PRODUCT_NAME = "$(TARGET_NAME)";
			};
			name = Debug;
		};
		FD80AC8F1CD34567004D7780 /* Release */ = {
			isa = XCBuildConfiguration;
			buildSettings = {
				PRODUCT_NAME = "$(TARGET_NAME)";
			};
			name = Release;
		};
/* End XCBuildConfiguration section */

/* Begin XCConfigurationList section */
		FD80AC811CD34567004D7780 /* Build configuration list for PBXProject "Simple Calculator with Exeption Handling" */ = {
			isa = XCConfigurationList;
			buildConfigurations = (
				FD80AC8B1CD34567004D7780 /* Debug */,
				FD80AC8C1CD34567004D7780 /* Release */,
			);
			defaultConfigurationIsVisible = 0;
			defaultConfigurationName = Release;
		};
		FD80AC8D1CD34567004D7780 /* Build configuration list for PBXNativeTarget "Simple Calculator with Exeption Handling" */ = {
			isa = XCConfigurationList;
			buildConfigurations = (
				FD80AC8E1CD34567004D7780 /* Debug */,
				FD80AC8F1CD34567004D7780 /* Release */,
			);
			defaultConfigurationIsVisible = 0;
		};
/* End XCConfigurationList section */
	};
	rootObject = FD80AC7E1CD34567004D7780 /* Project object */;
}
